
Microsoft Visual Studio Solution File, Format Version 12.00
# Visual Studio Version 17
VisualStudioVersion = 17.1.31911.260
MinimumVisualStudioVersion = 10.0.40219.1
Project("{9A19103F-16F7-4668-BE54-9A1E7A4F7556}") = "ImageGlass", "ImageGlass\ImageGlass.csproj", "{45AB9FE4-1E37-4589-A6A4-328405857E38}"
EndProject
Project("{2150E333-8FDC-42A3-9474-1A3956D46DE8}") = "Components", "Components", "{7C1E4F51-84BC-4B62-84CB-8261C06033E7}"
EndProject
Project("{9A19103F-16F7-4668-BE54-9A1E7A4F7556}") = "ImageGlass.Base", "Components\ImageGlass.Base\ImageGlass.Base.csproj", "{303B2F06-A298-40E9-9177-3DC3E78D1889}"
EndProject
Project("{9A19103F-16F7-4668-BE54-9A1E7A4F7556}") = "ImageGlass.Settings", "Components\ImageGlass.Settings\ImageGlass.Settings.csproj", "{F55FA499-EC7D-4BB5-AB0D-72F600EF4D03}"
EndProject
Project("{9A19103F-16F7-4668-BE54-9A1E7A4F7556}") = "ImageGlass.UI", "Components\ImageGlass.UI\ImageGlass.UI.csproj", "{658F690D-CA98-455D-BBCE-F5BFEF0FA689}"
EndProject
Project("{9A19103F-16F7-4668-BE54-9A1E7A4F7556}") = "ImageGlass.Heart", "Components\ImageGlass.Heart\ImageGlass.Heart.csproj", "{C5B44BEA-C3A9-44E3-8520-CB16598EC0C3}"
EndProject
Project("{9A19103F-16F7-4668-BE54-9A1E7A4F7556}") = "ImageGlass.PhotoBox", "Components\ImageGlass.PhotoBox\ImageGlass.PhotoBox.csproj", "{38E0660C-8C0B-4537-88A0-E117709309C2}"
EndProject
Project("{2150E333-8FDC-42A3-9474-1A3956D46DE8}") = "IgCodecs", "IgCodecs", "{D5FC18A3-1F4C-47AD-A907-E10F2796F01A}"
EndProject
Project("{9A19103F-16F7-4668-BE54-9A1E7A4F7556}") = "ImageMagick.IgCodec", "IgCodecs\ImageMagickIgCodec\ImageMagick.IgCodec.csproj", "{044CB179-E115-4740-8160-62190D9A47BE}"
EndProject
Project("{2150E333-8FDC-42A3-9474-1A3956D46DE8}") = "D2DLib", "D2DLib", "{EEAD03CE-9F08-4F2A-AE88-F5B9AB1AAC07}"
EndProject
Project("{8BC9CEB8-8B4A-11D0-8D11-00A0C91BC942}") = "d2dlib", "Components\D2DLib\d2dlib\D2DLib.vcxproj", "{E0A71FCE-69DD-40A6-87FB-2D63AB5D25C9}"
EndProject
Project("{FAE04EC0-301F-11D3-BF4B-00C04F79EFBC}") = "D2DLibExport", "Components\D2DLib\D2DLibExport\D2DLibExport.csproj", "{B49552D0-2192-476F-AD29-4F7647024915}"
EndProject
Global
	GlobalSection(SolutionConfigurationPlatforms) = preSolution
		Debug|Any CPU = Debug|Any CPU
		Debug|ARM32 = Debug|ARM32
		Debug|ARM64 = Debug|ARM64
		Debug|x64 = Debug|x64
		Debug|x86 = Debug|x86
		Release|Any CPU = Release|Any CPU
		Release|ARM32 = Release|ARM32
		Release|ARM64 = Release|ARM64
		Release|x64 = Release|x64
		Release|x86 = Release|x86
	EndGlobalSection
	GlobalSection(ProjectConfigurationPlatforms) = postSolution
		{45AB9FE4-1E37-4589-A6A4-328405857E38}.Debug|Any CPU.ActiveCfg = Debug|Any CPU
		{45AB9FE4-1E37-4589-A6A4-328405857E38}.Debug|Any CPU.Build.0 = Debug|Any CPU
		{45AB9FE4-1E37-4589-A6A4-328405857E38}.Debug|ARM32.ActiveCfg = Debug|ARM32
		{45AB9FE4-1E37-4589-A6A4-328405857E38}.Debug|ARM32.Build.0 = Debug|ARM32
		{45AB9FE4-1E37-4589-A6A4-328405857E38}.Debug|ARM64.ActiveCfg = Debug|ARM64
		{45AB9FE4-1E37-4589-A6A4-328405857E38}.Debug|ARM64.Build.0 = Debug|ARM64
		{45AB9FE4-1E37-4589-A6A4-328405857E38}.Debug|x64.ActiveCfg = Debug|x64
		{45AB9FE4-1E37-4589-A6A4-328405857E38}.Debug|x64.Build.0 = Debug|x64
		{45AB9FE4-1E37-4589-A6A4-328405857E38}.Debug|x86.ActiveCfg = Debug|x86
		{45AB9FE4-1E37-4589-A6A4-328405857E38}.Debug|x86.Build.0 = Debug|x86
		{45AB9FE4-1E37-4589-A6A4-328405857E38}.Release|Any CPU.ActiveCfg = Release|Any CPU
		{45AB9FE4-1E37-4589-A6A4-328405857E38}.Release|Any CPU.Build.0 = Release|Any CPU
		{45AB9FE4-1E37-4589-A6A4-328405857E38}.Release|ARM32.ActiveCfg = Release|ARM32
		{45AB9FE4-1E37-4589-A6A4-328405857E38}.Release|ARM32.Build.0 = Release|ARM32
		{45AB9FE4-1E37-4589-A6A4-328405857E38}.Release|ARM64.ActiveCfg = Release|ARM64
		{45AB9FE4-1E37-4589-A6A4-328405857E38}.Release|ARM64.Build.0 = Release|ARM64
		{45AB9FE4-1E37-4589-A6A4-328405857E38}.Release|x64.ActiveCfg = Release|x64
		{45AB9FE4-1E37-4589-A6A4-328405857E38}.Release|x64.Build.0 = Release|x64
		{45AB9FE4-1E37-4589-A6A4-328405857E38}.Release|x86.ActiveCfg = Release|x86
		{45AB9FE4-1E37-4589-A6A4-328405857E38}.Release|x86.Build.0 = Release|x86
		{303B2F06-A298-40E9-9177-3DC3E78D1889}.Debug|Any CPU.ActiveCfg = Debug|Any CPU
		{303B2F06-A298-40E9-9177-3DC3E78D1889}.Debug|Any CPU.Build.0 = Debug|Any CPU
		{303B2F06-A298-40E9-9177-3DC3E78D1889}.Debug|ARM32.ActiveCfg = Debug|Any CPU
		{303B2F06-A298-40E9-9177-3DC3E78D1889}.Debug|ARM32.Build.0 = Debug|Any CPU
		{303B2F06-A298-40E9-9177-3DC3E78D1889}.Debug|ARM64.ActiveCfg = Debug|Any CPU
		{303B2F06-A298-40E9-9177-3DC3E78D1889}.Debug|ARM64.Build.0 = Debug|Any CPU
		{303B2F06-A298-40E9-9177-3DC3E78D1889}.Debug|x64.ActiveCfg = Debug|Any CPU
		{303B2F06-A298-40E9-9177-3DC3E78D1889}.Debug|x64.Build.0 = Debug|Any CPU
		{303B2F06-A298-40E9-9177-3DC3E78D1889}.Debug|x86.ActiveCfg = Debug|Any CPU
		{303B2F06-A298-40E9-9177-3DC3E78D1889}.Debug|x86.Build.0 = Debug|Any CPU
		{303B2F06-A298-40E9-9177-3DC3E78D1889}.Release|Any CPU.ActiveCfg = Release|Any CPU
		{303B2F06-A298-40E9-9177-3DC3E78D1889}.Release|Any CPU.Build.0 = Release|Any CPU
		{303B2F06-A298-40E9-9177-3DC3E78D1889}.Release|ARM32.ActiveCfg = Release|Any CPU
		{303B2F06-A298-40E9-9177-3DC3E78D1889}.Release|ARM32.Build.0 = Release|Any CPU
		{303B2F06-A298-40E9-9177-3DC3E78D1889}.Release|ARM64.ActiveCfg = Release|Any CPU
		{303B2F06-A298-40E9-9177-3DC3E78D1889}.Release|ARM64.Build.0 = Release|Any CPU
		{303B2F06-A298-40E9-9177-3DC3E78D1889}.Release|x64.ActiveCfg = Release|Any CPU
		{303B2F06-A298-40E9-9177-3DC3E78D1889}.Release|x64.Build.0 = Release|Any CPU
		{303B2F06-A298-40E9-9177-3DC3E78D1889}.Release|x86.ActiveCfg = Release|Any CPU
		{303B2F06-A298-40E9-9177-3DC3E78D1889}.Release|x86.Build.0 = Release|Any CPU
		{F55FA499-EC7D-4BB5-AB0D-72F600EF4D03}.Debug|Any CPU.ActiveCfg = Debug|Any CPU
		{F55FA499-EC7D-4BB5-AB0D-72F600EF4D03}.Debug|Any CPU.Build.0 = Debug|Any CPU
		{F55FA499-EC7D-4BB5-AB0D-72F600EF4D03}.Debug|ARM32.ActiveCfg = Debug|Any CPU
		{F55FA499-EC7D-4BB5-AB0D-72F600EF4D03}.Debug|ARM32.Build.0 = Debug|Any CPU
		{F55FA499-EC7D-4BB5-AB0D-72F600EF4D03}.Debug|ARM64.ActiveCfg = Debug|Any CPU
		{F55FA499-EC7D-4BB5-AB0D-72F600EF4D03}.Debug|ARM64.Build.0 = Debug|Any CPU
		{F55FA499-EC7D-4BB5-AB0D-72F600EF4D03}.Debug|x64.ActiveCfg = Debug|Any CPU
		{F55FA499-EC7D-4BB5-AB0D-72F600EF4D03}.Debug|x64.Build.0 = Debug|Any CPU
		{F55FA499-EC7D-4BB5-AB0D-72F600EF4D03}.Debug|x86.ActiveCfg = Debug|Any CPU
		{F55FA499-EC7D-4BB5-AB0D-72F600EF4D03}.Debug|x86.Build.0 = Debug|Any CPU
		{F55FA499-EC7D-4BB5-AB0D-72F600EF4D03}.Release|Any CPU.ActiveCfg = Release|Any CPU
		{F55FA499-EC7D-4BB5-AB0D-72F600EF4D03}.Release|Any CPU.Build.0 = Release|Any CPU
		{F55FA499-EC7D-4BB5-AB0D-72F600EF4D03}.Release|ARM32.ActiveCfg = Release|Any CPU
		{F55FA499-EC7D-4BB5-AB0D-72F600EF4D03}.Release|ARM32.Build.0 = Release|Any CPU
		{F55FA499-EC7D-4BB5-AB0D-72F600EF4D03}.Release|ARM64.ActiveCfg = Release|Any CPU
		{F55FA499-EC7D-4BB5-AB0D-72F600EF4D03}.Release|ARM64.Build.0 = Release|Any CPU
		{F55FA499-EC7D-4BB5-AB0D-72F600EF4D03}.Release|x64.ActiveCfg = Release|Any CPU
		{F55FA499-EC7D-4BB5-AB0D-72F600EF4D03}.Release|x64.Build.0 = Release|Any CPU
		{F55FA499-EC7D-4BB5-AB0D-72F600EF4D03}.Release|x86.ActiveCfg = Release|Any CPU
		{F55FA499-EC7D-4BB5-AB0D-72F600EF4D03}.Release|x86.Build.0 = Release|Any CPU
		{658F690D-CA98-455D-BBCE-F5BFEF0FA689}.Debug|Any CPU.ActiveCfg = Debug|Any CPU
		{658F690D-CA98-455D-BBCE-F5BFEF0FA689}.Debug|Any CPU.Build.0 = Debug|Any CPU
		{658F690D-CA98-455D-BBCE-F5BFEF0FA689}.Debug|ARM32.ActiveCfg = Debug|Any CPU
		{658F690D-CA98-455D-BBCE-F5BFEF0FA689}.Debug|ARM32.Build.0 = Debug|Any CPU
		{658F690D-CA98-455D-BBCE-F5BFEF0FA689}.Debug|ARM64.ActiveCfg = Debug|Any CPU
		{658F690D-CA98-455D-BBCE-F5BFEF0FA689}.Debug|ARM64.Build.0 = Debug|Any CPU
		{658F690D-CA98-455D-BBCE-F5BFEF0FA689}.Debug|x64.ActiveCfg = Debug|Any CPU
		{658F690D-CA98-455D-BBCE-F5BFEF0FA689}.Debug|x64.Build.0 = Debug|Any CPU
		{658F690D-CA98-455D-BBCE-F5BFEF0FA689}.Debug|x86.ActiveCfg = Debug|Any CPU
		{658F690D-CA98-455D-BBCE-F5BFEF0FA689}.Debug|x86.Build.0 = Debug|Any CPU
		{658F690D-CA98-455D-BBCE-F5BFEF0FA689}.Release|Any CPU.ActiveCfg = Release|Any CPU
		{658F690D-CA98-455D-BBCE-F5BFEF0FA689}.Release|Any CPU.Build.0 = Release|Any CPU
		{658F690D-CA98-455D-BBCE-F5BFEF0FA689}.Release|ARM32.ActiveCfg = Release|Any CPU
		{658F690D-CA98-455D-BBCE-F5BFEF0FA689}.Release|ARM32.Build.0 = Release|Any CPU
		{658F690D-CA98-455D-BBCE-F5BFEF0FA689}.Release|ARM64.ActiveCfg = Release|Any CPU
		{658F690D-CA98-455D-BBCE-F5BFEF0FA689}.Release|ARM64.Build.0 = Release|Any CPU
		{658F690D-CA98-455D-BBCE-F5BFEF0FA689}.Release|x64.ActiveCfg = Release|Any CPU
		{658F690D-CA98-455D-BBCE-F5BFEF0FA689}.Release|x64.Build.0 = Release|Any CPU
		{658F690D-CA98-455D-BBCE-F5BFEF0FA689}.Release|x86.ActiveCfg = Release|Any CPU
		{658F690D-CA98-455D-BBCE-F5BFEF0FA689}.Release|x86.Build.0 = Release|Any CPU
		{C5B44BEA-C3A9-44E3-8520-CB16598EC0C3}.Debug|Any CPU.ActiveCfg = Debug|Any CPU
		{C5B44BEA-C3A9-44E3-8520-CB16598EC0C3}.Debug|Any CPU.Build.0 = Debug|Any CPU
		{C5B44BEA-C3A9-44E3-8520-CB16598EC0C3}.Debug|ARM32.ActiveCfg = Debug|Any CPU
		{C5B44BEA-C3A9-44E3-8520-CB16598EC0C3}.Debug|ARM32.Build.0 = Debug|Any CPU
		{C5B44BEA-C3A9-44E3-8520-CB16598EC0C3}.Debug|ARM64.ActiveCfg = Debug|Any CPU
		{C5B44BEA-C3A9-44E3-8520-CB16598EC0C3}.Debug|ARM64.Build.0 = Debug|Any CPU
		{C5B44BEA-C3A9-44E3-8520-CB16598EC0C3}.Debug|x64.ActiveCfg = Debug|Any CPU
		{C5B44BEA-C3A9-44E3-8520-CB16598EC0C3}.Debug|x64.Build.0 = Debug|Any CPU
		{C5B44BEA-C3A9-44E3-8520-CB16598EC0C3}.Debug|x86.ActiveCfg = Debug|Any CPU
		{C5B44BEA-C3A9-44E3-8520-CB16598EC0C3}.Debug|x86.Build.0 = Debug|Any CPU
		{C5B44BEA-C3A9-44E3-8520-CB16598EC0C3}.Release|Any CPU.ActiveCfg = Release|Any CPU
		{C5B44BEA-C3A9-44E3-8520-CB16598EC0C3}.Release|Any CPU.Build.0 = Release|Any CPU
		{C5B44BEA-C3A9-44E3-8520-CB16598EC0C3}.Release|ARM32.ActiveCfg = Release|Any CPU
		{C5B44BEA-C3A9-44E3-8520-CB16598EC0C3}.Release|ARM32.Build.0 = Release|Any CPU
		{C5B44BEA-C3A9-44E3-8520-CB16598EC0C3}.Release|ARM64.ActiveCfg = Release|Any CPU
		{C5B44BEA-C3A9-44E3-8520-CB16598EC0C3}.Release|ARM64.Build.0 = Release|Any CPU
		{C5B44BEA-C3A9-44E3-8520-CB16598EC0C3}.Release|x64.ActiveCfg = Release|Any CPU
		{C5B44BEA-C3A9-44E3-8520-CB16598EC0C3}.Release|x64.Build.0 = Release|Any CPU
		{C5B44BEA-C3A9-44E3-8520-CB16598EC0C3}.Release|x86.ActiveCfg = Release|Any CPU
		{C5B44BEA-C3A9-44E3-8520-CB16598EC0C3}.Release|x86.Build.0 = Release|Any CPU
		{38E0660C-8C0B-4537-88A0-E117709309C2}.Debug|Any CPU.ActiveCfg = Debug|Any CPU
		{38E0660C-8C0B-4537-88A0-E117709309C2}.Debug|Any CPU.Build.0 = Debug|Any CPU
		{38E0660C-8C0B-4537-88A0-E117709309C2}.Debug|ARM32.ActiveCfg = Debug|Any CPU
		{38E0660C-8C0B-4537-88A0-E117709309C2}.Debug|ARM32.Build.0 = Debug|Any CPU
		{38E0660C-8C0B-4537-88A0-E117709309C2}.Debug|ARM64.ActiveCfg = Debug|Any CPU
		{38E0660C-8C0B-4537-88A0-E117709309C2}.Debug|ARM64.Build.0 = Debug|Any CPU
		{38E0660C-8C0B-4537-88A0-E117709309C2}.Debug|x64.ActiveCfg = Debug|Any CPU
		{38E0660C-8C0B-4537-88A0-E117709309C2}.Debug|x64.Build.0 = Debug|Any CPU
		{38E0660C-8C0B-4537-88A0-E117709309C2}.Debug|x86.ActiveCfg = Debug|Any CPU
		{38E0660C-8C0B-4537-88A0-E117709309C2}.Debug|x86.Build.0 = Debug|Any CPU
		{38E0660C-8C0B-4537-88A0-E117709309C2}.Release|Any CPU.ActiveCfg = Release|Any CPU
		{38E0660C-8C0B-4537-88A0-E117709309C2}.Release|Any CPU.Build.0 = Release|Any CPU
		{38E0660C-8C0B-4537-88A0-E117709309C2}.Release|ARM32.ActiveCfg = Release|Any CPU
		{38E0660C-8C0B-4537-88A0-E117709309C2}.Release|ARM32.Build.0 = Release|Any CPU
		{38E0660C-8C0B-4537-88A0-E117709309C2}.Release|ARM64.ActiveCfg = Release|Any CPU
		{38E0660C-8C0B-4537-88A0-E117709309C2}.Release|ARM64.Build.0 = Release|Any CPU
		{38E0660C-8C0B-4537-88A0-E117709309C2}.Release|x64.ActiveCfg = Release|Any CPU
		{38E0660C-8C0B-4537-88A0-E117709309C2}.Release|x64.Build.0 = Release|Any CPU
		{38E0660C-8C0B-4537-88A0-E117709309C2}.Release|x86.ActiveCfg = Release|Any CPU
		{38E0660C-8C0B-4537-88A0-E117709309C2}.Release|x86.Build.0 = Release|Any CPU
		{044CB179-E115-4740-8160-62190D9A47BE}.Debug|Any CPU.ActiveCfg = Debug|Any CPU
		{044CB179-E115-4740-8160-62190D9A47BE}.Debug|Any CPU.Build.0 = Debug|Any CPU
		{044CB179-E115-4740-8160-62190D9A47BE}.Debug|ARM32.ActiveCfg = Debug|Any CPU
		{044CB179-E115-4740-8160-62190D9A47BE}.Debug|ARM32.Build.0 = Debug|Any CPU
		{044CB179-E115-4740-8160-62190D9A47BE}.Debug|ARM64.ActiveCfg = Debug|Any CPU
		{044CB179-E115-4740-8160-62190D9A47BE}.Debug|ARM64.Build.0 = Debug|Any CPU
		{044CB179-E115-4740-8160-62190D9A47BE}.Debug|x64.ActiveCfg = Debug|Any CPU
		{044CB179-E115-4740-8160-62190D9A47BE}.Debug|x64.Build.0 = Debug|Any CPU
		{044CB179-E115-4740-8160-62190D9A47BE}.Debug|x86.ActiveCfg = Debug|Any CPU
		{044CB179-E115-4740-8160-62190D9A47BE}.Debug|x86.Build.0 = Debug|Any CPU
		{044CB179-E115-4740-8160-62190D9A47BE}.Release|Any CPU.ActiveCfg = Release|Any CPU
		{044CB179-E115-4740-8160-62190D9A47BE}.Release|Any CPU.Build.0 = Release|Any CPU
		{044CB179-E115-4740-8160-62190D9A47BE}.Release|ARM32.ActiveCfg = Release|Any CPU
		{044CB179-E115-4740-8160-62190D9A47BE}.Release|ARM32.Build.0 = Release|Any CPU
		{044CB179-E115-4740-8160-62190D9A47BE}.Release|ARM64.ActiveCfg = Release|Any CPU
		{044CB179-E115-4740-8160-62190D9A47BE}.Release|ARM64.Build.0 = Release|Any CPU
		{044CB179-E115-4740-8160-62190D9A47BE}.Release|x64.ActiveCfg = Release|Any CPU
		{044CB179-E115-4740-8160-62190D9A47BE}.Release|x64.Build.0 = Release|Any CPU
		{044CB179-E115-4740-8160-62190D9A47BE}.Release|x86.ActiveCfg = Release|Any CPU
		{044CB179-E115-4740-8160-62190D9A47BE}.Release|x86.Build.0 = Release|Any CPU
		{E0A71FCE-69DD-40A6-87FB-2D63AB5D25C9}.Debug|Any CPU.ActiveCfg = Debug|x64
		{E0A71FCE-69DD-40A6-87FB-2D63AB5D25C9}.Debug|Any CPU.Build.0 = Debug|x64
		{E0A71FCE-69DD-40A6-87FB-2D63AB5D25C9}.Debug|ARM32.ActiveCfg = Debug|x64
		{E0A71FCE-69DD-40A6-87FB-2D63AB5D25C9}.Debug|ARM32.Build.0 = Debug|x64
		{E0A71FCE-69DD-40A6-87FB-2D63AB5D25C9}.Debug|ARM64.ActiveCfg = Debug|x64
		{E0A71FCE-69DD-40A6-87FB-2D63AB5D25C9}.Debug|ARM64.Build.0 = Debug|x64
		{E0A71FCE-69DD-40A6-87FB-2D63AB5D25C9}.Debug|x64.ActiveCfg = Debug|x64
		{E0A71FCE-69DD-40A6-87FB-2D63AB5D25C9}.Debug|x64.Build.0 = Debug|x64
		{E0A71FCE-69DD-40A6-87FB-2D63AB5D25C9}.Debug|x86.ActiveCfg = Debug|Win32
		{E0A71FCE-69DD-40A6-87FB-2D63AB5D25C9}.Debug|x86.Build.0 = Debug|Win32
		{E0A71FCE-69DD-40A6-87FB-2D63AB5D25C9}.Release|Any CPU.ActiveCfg = Release|x64
		{E0A71FCE-69DD-40A6-87FB-2D63AB5D25C9}.Release|Any CPU.Build.0 = Release|x64
		{E0A71FCE-69DD-40A6-87FB-2D63AB5D25C9}.Release|ARM32.ActiveCfg = Release|x64
		{E0A71FCE-69DD-40A6-87FB-2D63AB5D25C9}.Release|ARM32.Build.0 = Release|x64
		{E0A71FCE-69DD-40A6-87FB-2D63AB5D25C9}.Release|ARM64.ActiveCfg = Release|x64
		{E0A71FCE-69DD-40A6-87FB-2D63AB5D25C9}.Release|ARM64.Build.0 = Release|x64
		{E0A71FCE-69DD-40A6-87FB-2D63AB5D25C9}.Release|x64.ActiveCfg = Release|x64
		{E0A71FCE-69DD-40A6-87FB-2D63AB5D25C9}.Release|x64.Build.0 = Release|x64
		{E0A71FCE-69DD-40A6-87FB-2D63AB5D25C9}.Release|x86.ActiveCfg = Release|Win32
		{E0A71FCE-69DD-40A6-87FB-2D63AB5D25C9}.Release|x86.Build.0 = Release|Win32
		{B49552D0-2192-476F-AD29-4F7647024915}.Debug|Any CPU.ActiveCfg = Debug|x64
		{B49552D0-2192-476F-AD29-4F7647024915}.Debug|Any CPU.Build.0 = Debug|x64
		{B49552D0-2192-476F-AD29-4F7647024915}.Debug|ARM32.ActiveCfg = Debug|x64
		{B49552D0-2192-476F-AD29-4F7647024915}.Debug|ARM32.Build.0 = Debug|x64
		{B49552D0-2192-476F-AD29-4F7647024915}.Debug|ARM64.ActiveCfg = Debug|x64
		{B49552D0-2192-476F-AD29-4F7647024915}.Debug|ARM64.Build.0 = Debug|x64
		{B49552D0-2192-476F-AD29-4F7647024915}.Debug|x64.ActiveCfg = Debug|x64
		{B49552D0-2192-476F-AD29-4F7647024915}.Debug|x64.Build.0 = Debug|x64
		{B49552D0-2192-476F-AD29-4F7647024915}.Debug|x86.ActiveCfg = Debug|x86
		{B49552D0-2192-476F-AD29-4F7647024915}.Debug|x86.Build.0 = Debug|x86
		{B49552D0-2192-476F-AD29-4F7647024915}.Release|Any CPU.ActiveCfg = Release|x64
		{B49552D0-2192-476F-AD29-4F7647024915}.Release|Any CPU.Build.0 = Release|x64
		{B49552D0-2192-476F-AD29-4F7647024915}.Release|ARM32.ActiveCfg = Release|x64
		{B49552D0-2192-476F-AD29-4F7647024915}.Release|ARM32.Build.0 = Release|x64
		{B49552D0-2192-476F-AD29-4F7647024915}.Release|ARM64.ActiveCfg = Release|x64
		{B49552D0-2192-476F-AD29-4F7647024915}.Release|ARM64.Build.0 = Release|x64
		{B49552D0-2192-476F-AD29-4F7647024915}.Release|x64.ActiveCfg = Release|x64
		{B49552D0-2192-476F-AD29-4F7647024915}.Release|x64.Build.0 = Release|x64
		{B49552D0-2192-476F-AD29-4F7647024915}.Release|x86.ActiveCfg = Release|x86
		{B49552D0-2192-476F-AD29-4F7647024915}.Release|x86.Build.0 = Release|x86
	EndGlobalSection
	GlobalSection(SolutionProperties) = preSolution
		HideSolutionNode = FALSE
	EndGlobalSection
	GlobalSection(NestedProjects) = preSolution
		{303B2F06-A298-40E9-9177-3DC3E78D1889} = {7C1E4F51-84BC-4B62-84CB-8261C06033E7}
		{F55FA499-EC7D-4BB5-AB0D-72F600EF4D03} = {7C1E4F51-84BC-4B62-84CB-8261C06033E7}
		{658F690D-CA98-455D-BBCE-F5BFEF0FA689} = {7C1E4F51-84BC-4B62-84CB-8261C06033E7}
		{C5B44BEA-C3A9-44E3-8520-CB16598EC0C3} = {7C1E4F51-84BC-4B62-84CB-8261C06033E7}
		{38E0660C-8C0B-4537-88A0-E117709309C2} = {7C1E4F51-84BC-4B62-84CB-8261C06033E7}
		{044CB179-E115-4740-8160-62190D9A47BE} = {D5FC18A3-1F4C-47AD-A907-E10F2796F01A}
		{EEAD03CE-9F08-4F2A-AE88-F5B9AB1AAC07} = {7C1E4F51-84BC-4B62-84CB-8261C06033E7}
		{E0A71FCE-69DD-40A6-87FB-2D63AB5D25C9} = {EEAD03CE-9F08-4F2A-AE88-F5B9AB1AAC07}
		{B49552D0-2192-476F-AD29-4F7647024915} = {EEAD03CE-9F08-4F2A-AE88-F5B9AB1AAC07}
	EndGlobalSection
	GlobalSection(ExtensibilityGlobals) = postSolution
		SolutionGuid = {215F5BF3-8E73-4DAE-B634-B4864C9D6FD1}
	EndGlobalSection
EndGlobal
