
Microsoft Visual Studio Solution File, Format Version 12.00
# Visual Studio Version 17
VisualStudioVersion = 17.1.31911.260
MinimumVisualStudioVersion = 10.0.40219.1
Project("{9A19103F-16F7-4668-BE54-9A1E7A4F7556}") = "ImageGlass", "ImageGlass\ImageGlass.csproj", "{45AB9FE4-1E37-4589-A6A4-328405857E38}"
EndProject
Project("{2150E333-8FDC-42A3-9474-1A3956D46DE8}") = "Components", "Components", "{7C1E4F51-84BC-4B62-84CB-8261C06033E7}"
EndProject
Project("{9A19103F-16F7-4668-BE54-9A1E7A4F7556}") = "ImageGlass.Base", "Components\ImageGlass.Base\ImageGlass.Base.csproj", "{303B2F06-A298-40E9-9177-3DC3E78D1889}"
EndProject
Project("{9A19103F-16F7-4668-BE54-9A1E7A4F7556}") = "ImageGlass.Settings", "Components\ImageGlass.Settings\ImageGlass.Settings.csproj", "{F55FA499-EC7D-4BB5-AB0D-72F600EF4D03}"
EndProject
Project("{9A19103F-16F7-4668-BE54-9A1E7A4F7556}") = "ImageGlass.UI", "Components\ImageGlass.UI\ImageGlass.UI.csproj", "{658F690D-CA98-455D-BBCE-F5BFEF0FA689}"
EndProject
Project("{9A19103F-16F7-4668-BE54-9A1E7A4F7556}") = "ImageGlass.Gallery", "Components\ImageGlass.Gallery\ImageGlass.Gallery.csproj", "{BA595D24-6549-49BC-A8D5-E3936DCFFF38}"
EndProject
Project("{2150E333-8FDC-42A3-9474-1A3956D46DE8}") = "Utilities", "Utilities", "{CDB87212-4A4B-44BE-ADAE-ADEC01E38E65}"
EndProject
Project("{9A19103F-16F7-4668-BE54-9A1E7A4F7556}") = "igcmd", "Utilities\igcmd\igcmd.csproj", "{3DA7609F-06EF-4C3D-BDD7-3987BC6F5BA7}"
EndProject
Project("{9A19103F-16F7-4668-BE54-9A1E7A4F7556}") = "igcmd10", "Utilities\igcmd10\igcmd10.csproj", "{6FB4C584-88C7-4C34-AFBD-95523324A367}"
EndProject
Project("{9A19103F-16F7-4668-BE54-9A1E7A4F7556}") = "ImageGlass.Views", "Components\ImageGlass.Views\ImageGlass.Views.csproj", "{117022C1-BA6E-40FC-BA93-8CC99EC9A79B}"
EndProject
Project("{2150E333-8FDC-42A3-9474-1A3956D46DE8}") = "Solution Items", "Solution Items", "{9EB4CD95-23C1-4FB1-A76A-E07A1D461210}"
EndProject
Project("{9A19103F-16F7-4668-BE54-9A1E7A4F7556}") = "ImageGlass.Tools", "Components\ImageGlass.Tool\ImageGlass.Tools.csproj", "{EB60BF09-0B5A-4DCD-9301-DFAC68C4F039}"
EndProject
Project("{FAE04EC0-301F-11D3-BF4B-00C04F79EFBC}") = "ImageGlass.WebP", "Components\ImageGlass.Webp\ImageGlass.WebP.csproj", "{4CAAB9A9-D051-4BC2-8DD0-78F44D6DC932}"
EndProject
Global
	GlobalSection(SolutionConfigurationPlatforms) = preSolution
		Debug|Any CPU = Debug|Any CPU
		Debug|x64 = Debug|x64
		Debug|x86 = Debug|x86
		Release|Any CPU = Release|Any CPU
		Release|x64 = Release|x64
		Release|x86 = Release|x86
	EndGlobalSection
	GlobalSection(ProjectConfigurationPlatforms) = postSolution
		{45AB9FE4-1E37-4589-A6A4-328405857E38}.Debug|Any CPU.ActiveCfg = Debug|Any CPU
		{45AB9FE4-1E37-4589-A6A4-328405857E38}.Debug|Any CPU.Build.0 = Debug|Any CPU
		{45AB9FE4-1E37-4589-A6A4-328405857E38}.Debug|x64.ActiveCfg = Debug|x64
		{45AB9FE4-1E37-4589-A6A4-328405857E38}.Debug|x64.Build.0 = Debug|x64
		{45AB9FE4-1E37-4589-A6A4-328405857E38}.Debug|x86.ActiveCfg = Debug|x86
		{45AB9FE4-1E37-4589-A6A4-328405857E38}.Debug|x86.Build.0 = Debug|x86
		{45AB9FE4-1E37-4589-A6A4-328405857E38}.Release|Any CPU.ActiveCfg = Release|Any CPU
		{45AB9FE4-1E37-4589-A6A4-328405857E38}.Release|Any CPU.Build.0 = Release|Any CPU
		{45AB9FE4-1E37-4589-A6A4-328405857E38}.Release|x64.ActiveCfg = Release|x64
		{45AB9FE4-1E37-4589-A6A4-328405857E38}.Release|x64.Build.0 = Release|x64
		{45AB9FE4-1E37-4589-A6A4-328405857E38}.Release|x86.ActiveCfg = Release|x86
		{45AB9FE4-1E37-4589-A6A4-328405857E38}.Release|x86.Build.0 = Release|x86
		{303B2F06-A298-40E9-9177-3DC3E78D1889}.Debug|Any CPU.ActiveCfg = Debug|Any CPU
		{303B2F06-A298-40E9-9177-3DC3E78D1889}.Debug|Any CPU.Build.0 = Debug|Any CPU
		{303B2F06-A298-40E9-9177-3DC3E78D1889}.Debug|x64.ActiveCfg = Debug|x64
		{303B2F06-A298-40E9-9177-3DC3E78D1889}.Debug|x64.Build.0 = Debug|x64
		{303B2F06-A298-40E9-9177-3DC3E78D1889}.Debug|x86.ActiveCfg = Debug|x86
		{303B2F06-A298-40E9-9177-3DC3E78D1889}.Debug|x86.Build.0 = Debug|x86
		{303B2F06-A298-40E9-9177-3DC3E78D1889}.Release|Any CPU.ActiveCfg = Release|Any CPU
		{303B2F06-A298-40E9-9177-3DC3E78D1889}.Release|Any CPU.Build.0 = Release|Any CPU
		{303B2F06-A298-40E9-9177-3DC3E78D1889}.Release|x64.ActiveCfg = Release|x64
		{303B2F06-A298-40E9-9177-3DC3E78D1889}.Release|x64.Build.0 = Release|x64
		{303B2F06-A298-40E9-9177-3DC3E78D1889}.Release|x86.ActiveCfg = Release|x86
		{303B2F06-A298-40E9-9177-3DC3E78D1889}.Release|x86.Build.0 = Release|x86
		{F55FA499-EC7D-4BB5-AB0D-72F600EF4D03}.Debug|Any CPU.ActiveCfg = Debug|Any CPU
		{F55FA499-EC7D-4BB5-AB0D-72F600EF4D03}.Debug|Any CPU.Build.0 = Debug|Any CPU
		{F55FA499-EC7D-4BB5-AB0D-72F600EF4D03}.Debug|x64.ActiveCfg = Debug|x64
		{F55FA499-EC7D-4BB5-AB0D-72F600EF4D03}.Debug|x64.Build.0 = Debug|x64
		{F55FA499-EC7D-4BB5-AB0D-72F600EF4D03}.Debug|x86.ActiveCfg = Debug|x86
		{F55FA499-EC7D-4BB5-AB0D-72F600EF4D03}.Debug|x86.Build.0 = Debug|x86
		{F55FA499-EC7D-4BB5-AB0D-72F600EF4D03}.Release|Any CPU.ActiveCfg = Release|Any CPU
		{F55FA499-EC7D-4BB5-AB0D-72F600EF4D03}.Release|Any CPU.Build.0 = Release|Any CPU
		{F55FA499-EC7D-4BB5-AB0D-72F600EF4D03}.Release|x64.ActiveCfg = Release|x64
		{F55FA499-EC7D-4BB5-AB0D-72F600EF4D03}.Release|x64.Build.0 = Release|x64
		{F55FA499-EC7D-4BB5-AB0D-72F600EF4D03}.Release|x86.ActiveCfg = Release|x86
		{F55FA499-EC7D-4BB5-AB0D-72F600EF4D03}.Release|x86.Build.0 = Release|x86
		{658F690D-CA98-455D-BBCE-F5BFEF0FA689}.Debug|Any CPU.ActiveCfg = Debug|Any CPU
		{658F690D-CA98-455D-BBCE-F5BFEF0FA689}.Debug|Any CPU.Build.0 = Debug|Any CPU
		{658F690D-CA98-455D-BBCE-F5BFEF0FA689}.Debug|x64.ActiveCfg = Debug|x64
		{658F690D-CA98-455D-BBCE-F5BFEF0FA689}.Debug|x64.Build.0 = Debug|x64
		{658F690D-CA98-455D-BBCE-F5BFEF0FA689}.Debug|x86.ActiveCfg = Debug|x86
		{658F690D-CA98-455D-BBCE-F5BFEF0FA689}.Debug|x86.Build.0 = Debug|x86
		{658F690D-CA98-455D-BBCE-F5BFEF0FA689}.Release|Any CPU.ActiveCfg = Release|Any CPU
		{658F690D-CA98-455D-BBCE-F5BFEF0FA689}.Release|Any CPU.Build.0 = Release|Any CPU
		{658F690D-CA98-455D-BBCE-F5BFEF0FA689}.Release|x64.ActiveCfg = Release|x64
		{658F690D-CA98-455D-BBCE-F5BFEF0FA689}.Release|x64.Build.0 = Release|x64
		{658F690D-CA98-455D-BBCE-F5BFEF0FA689}.Release|x86.ActiveCfg = Release|x86
		{658F690D-CA98-455D-BBCE-F5BFEF0FA689}.Release|x86.Build.0 = Release|x86
		{BA595D24-6549-49BC-A8D5-E3936DCFFF38}.Debug|Any CPU.ActiveCfg = Debug|Any CPU
		{BA595D24-6549-49BC-A8D5-E3936DCFFF38}.Debug|Any CPU.Build.0 = Debug|Any CPU
		{BA595D24-6549-49BC-A8D5-E3936DCFFF38}.Debug|x64.ActiveCfg = Debug|x64
		{BA595D24-6549-49BC-A8D5-E3936DCFFF38}.Debug|x64.Build.0 = Debug|x64
		{BA595D24-6549-49BC-A8D5-E3936DCFFF38}.Debug|x86.ActiveCfg = Debug|x86
		{BA595D24-6549-49BC-A8D5-E3936DCFFF38}.Debug|x86.Build.0 = Debug|x86
		{BA595D24-6549-49BC-A8D5-E3936DCFFF38}.Release|Any CPU.ActiveCfg = Release|Any CPU
		{BA595D24-6549-49BC-A8D5-E3936DCFFF38}.Release|Any CPU.Build.0 = Release|Any CPU
		{BA595D24-6549-49BC-A8D5-E3936DCFFF38}.Release|x64.ActiveCfg = Release|x64
		{BA595D24-6549-49BC-A8D5-E3936DCFFF38}.Release|x64.Build.0 = Release|x64
		{BA595D24-6549-49BC-A8D5-E3936DCFFF38}.Release|x86.ActiveCfg = Release|x86
		{BA595D24-6549-49BC-A8D5-E3936DCFFF38}.Release|x86.Build.0 = Release|x86
		{3DA7609F-06EF-4C3D-BDD7-3987BC6F5BA7}.Debug|Any CPU.ActiveCfg = Debug|x64
		{3DA7609F-06EF-4C3D-BDD7-3987BC6F5BA7}.Debug|Any CPU.Build.0 = Debug|x64
		{3DA7609F-06EF-4C3D-BDD7-3987BC6F5BA7}.Debug|x64.ActiveCfg = Debug|x64
		{3DA7609F-06EF-4C3D-BDD7-3987BC6F5BA7}.Debug|x64.Build.0 = Debug|x64
		{3DA7609F-06EF-4C3D-BDD7-3987BC6F5BA7}.Debug|x86.ActiveCfg = Debug|x64
		{3DA7609F-06EF-4C3D-BDD7-3987BC6F5BA7}.Debug|x86.Build.0 = Debug|x64
		{3DA7609F-06EF-4C3D-BDD7-3987BC6F5BA7}.Release|Any CPU.ActiveCfg = Release|Any CPU
		{3DA7609F-06EF-4C3D-BDD7-3987BC6F5BA7}.Release|Any CPU.Build.0 = Release|Any CPU
		{3DA7609F-06EF-4C3D-BDD7-3987BC6F5BA7}.Release|x64.ActiveCfg = Release|x64
		{3DA7609F-06EF-4C3D-BDD7-3987BC6F5BA7}.Release|x64.Build.0 = Release|x64
		{3DA7609F-06EF-4C3D-BDD7-3987BC6F5BA7}.Release|x86.ActiveCfg = Release|x86
		{3DA7609F-06EF-4C3D-BDD7-3987BC6F5BA7}.Release|x86.Build.0 = Release|x86
		{6FB4C584-88C7-4C34-AFBD-95523324A367}.Debug|Any CPU.ActiveCfg = Debug|x64
		{6FB4C584-88C7-4C34-AFBD-95523324A367}.Debug|Any CPU.Build.0 = Debug|x64
		{6FB4C584-88C7-4C34-AFBD-95523324A367}.Debug|x64.ActiveCfg = Debug|x64
		{6FB4C584-88C7-4C34-AFBD-95523324A367}.Debug|x64.Build.0 = Debug|x64
		{6FB4C584-88C7-4C34-AFBD-95523324A367}.Debug|x86.ActiveCfg = Debug|x64
		{6FB4C584-88C7-4C34-AFBD-95523324A367}.Debug|x86.Build.0 = Debug|x64
		{6FB4C584-88C7-4C34-AFBD-95523324A367}.Release|Any CPU.ActiveCfg = Release|Any CPU
		{6FB4C584-88C7-4C34-AFBD-95523324A367}.Release|Any CPU.Build.0 = Release|Any CPU
		{6FB4C584-88C7-4C34-AFBD-95523324A367}.Release|x64.ActiveCfg = Release|x64
		{6FB4C584-88C7-4C34-AFBD-95523324A367}.Release|x64.Build.0 = Release|x64
		{6FB4C584-88C7-4C34-AFBD-95523324A367}.Release|x86.ActiveCfg = Release|x86
		{6FB4C584-88C7-4C34-AFBD-95523324A367}.Release|x86.Build.0 = Release|x86
		{117022C1-BA6E-40FC-BA93-8CC99EC9A79B}.Debug|Any CPU.ActiveCfg = Debug|Any CPU
		{117022C1-BA6E-40FC-BA93-8CC99EC9A79B}.Debug|Any CPU.Build.0 = Debug|Any CPU
		{117022C1-BA6E-40FC-BA93-8CC99EC9A79B}.Debug|x64.ActiveCfg = Debug|x64
		{117022C1-BA6E-40FC-BA93-8CC99EC9A79B}.Debug|x64.Build.0 = Debug|x64
		{117022C1-BA6E-40FC-BA93-8CC99EC9A79B}.Debug|x86.ActiveCfg = Debug|x86
		{117022C1-BA6E-40FC-BA93-8CC99EC9A79B}.Debug|x86.Build.0 = Debug|x86
		{117022C1-BA6E-40FC-BA93-8CC99EC9A79B}.Release|Any CPU.ActiveCfg = Release|Any CPU
		{117022C1-BA6E-40FC-BA93-8CC99EC9A79B}.Release|Any CPU.Build.0 = Release|Any CPU
		{117022C1-BA6E-40FC-BA93-8CC99EC9A79B}.Release|x64.ActiveCfg = Release|x64
		{117022C1-BA6E-40FC-BA93-8CC99EC9A79B}.Release|x64.Build.0 = Release|x64
		{117022C1-BA6E-40FC-BA93-8CC99EC9A79B}.Release|x86.ActiveCfg = Release|Any CPU
		{117022C1-BA6E-40FC-BA93-8CC99EC9A79B}.Release|x86.Build.0 = Release|Any CPU
		{EB60BF09-0B5A-4DCD-9301-DFAC68C4F039}.Debug|Any CPU.ActiveCfg = Debug|Any CPU
		{EB60BF09-0B5A-4DCD-9301-DFAC68C4F039}.Debug|Any CPU.Build.0 = Debug|Any CPU
		{EB60BF09-0B5A-4DCD-9301-DFAC68C4F039}.Debug|x64.ActiveCfg = Debug|Any CPU
		{EB60BF09-0B5A-4DCD-9301-DFAC68C4F039}.Debug|x64.Build.0 = Debug|Any CPU
		{EB60BF09-0B5A-4DCD-9301-DFAC68C4F039}.Debug|x86.ActiveCfg = Debug|Any CPU
		{EB60BF09-0B5A-4DCD-9301-DFAC68C4F039}.Debug|x86.Build.0 = Debug|Any CPU
		{EB60BF09-0B5A-4DCD-9301-DFAC68C4F039}.Release|Any CPU.ActiveCfg = Release|Any CPU
		{EB60BF09-0B5A-4DCD-9301-DFAC68C4F039}.Release|Any CPU.Build.0 = Release|Any CPU
		{EB60BF09-0B5A-4DCD-9301-DFAC68C4F039}.Release|x64.ActiveCfg = Release|Any CPU
		{EB60BF09-0B5A-4DCD-9301-DFAC68C4F039}.Release|x64.Build.0 = Release|Any CPU
		{EB60BF09-0B5A-4DCD-9301-DFAC68C4F039}.Release|x86.ActiveCfg = Release|Any CPU
		{EB60BF09-0B5A-4DCD-9301-DFAC68C4F039}.Release|x86.Build.0 = Release|Any CPU
		{4CAAB9A9-D051-4BC2-8DD0-78F44D6DC932}.Debug|Any CPU.ActiveCfg = Debug|Any CPU
		{4CAAB9A9-D051-4BC2-8DD0-78F44D6DC932}.Debug|Any CPU.Build.0 = Debug|Any CPU
		{4CAAB9A9-D051-4BC2-8DD0-78F44D6DC932}.Debug|x64.ActiveCfg = Debug|Any CPU
		{4CAAB9A9-D051-4BC2-8DD0-78F44D6DC932}.Debug|x64.Build.0 = Debug|Any CPU
		{4CAAB9A9-D051-4BC2-8DD0-78F44D6DC932}.Debug|x86.ActiveCfg = Debug|Any CPU
		{4CAAB9A9-D051-4BC2-8DD0-78F44D6DC932}.Debug|x86.Build.0 = Debug|Any CPU
		{4CAAB9A9-D051-4BC2-8DD0-78F44D6DC932}.Release|Any CPU.ActiveCfg = Release|Any CPU
		{4CAAB9A9-D051-4BC2-8DD0-78F44D6DC932}.Release|Any CPU.Build.0 = Release|Any CPU
		{4CAAB9A9-D051-4BC2-8DD0-78F44D6DC932}.Release|x64.ActiveCfg = Release|Any CPU
		{4CAAB9A9-D051-4BC2-8DD0-78F44D6DC932}.Release|x64.Build.0 = Release|Any CPU
		{4CAAB9A9-D051-4BC2-8DD0-78F44D6DC932}.Release|x86.ActiveCfg = Release|Any CPU
		{4CAAB9A9-D051-4BC2-8DD0-78F44D6DC932}.Release|x86.Build.0 = Release|Any CPU
	EndGlobalSection
	GlobalSection(SolutionProperties) = preSolution
		HideSolutionNode = FALSE
	EndGlobalSection
	GlobalSection(NestedProjects) = preSolution
		{303B2F06-A298-40E9-9177-3DC3E78D1889} = {7C1E4F51-84BC-4B62-84CB-8261C06033E7}
		{F55FA499-EC7D-4BB5-AB0D-72F600EF4D03} = {7C1E4F51-84BC-4B62-84CB-8261C06033E7}
		{658F690D-CA98-455D-BBCE-F5BFEF0FA689} = {7C1E4F51-84BC-4B62-84CB-8261C06033E7}
		{BA595D24-6549-49BC-A8D5-E3936DCFFF38} = {7C1E4F51-84BC-4B62-84CB-8261C06033E7}
		{3DA7609F-06EF-4C3D-BDD7-3987BC6F5BA7} = {CDB87212-4A4B-44BE-ADAE-ADEC01E38E65}
		{6FB4C584-88C7-4C34-AFBD-95523324A367} = {CDB87212-4A4B-44BE-ADAE-ADEC01E38E65}
		{117022C1-BA6E-40FC-BA93-8CC99EC9A79B} = {7C1E4F51-84BC-4B62-84CB-8261C06033E7}
		{EB60BF09-0B5A-4DCD-9301-DFAC68C4F039} = {7C1E4F51-84BC-4B62-84CB-8261C06033E7}
		{4CAAB9A9-D051-4BC2-8DD0-78F44D6DC932} = {7C1E4F51-84BC-4B62-84CB-8261C06033E7}
	EndGlobalSection
	GlobalSection(ExtensibilityGlobals) = postSolution
		SolutionGuid = {215F5BF3-8E73-4DAE-B634-B4864C9D6FD1}
	EndGlobalSection
EndGlobal
