
Microsoft Visual Studio Solution File, Format Version 12.00
# Visual Studio Version 17
VisualStudioVersion = 17.1.31911.260
MinimumVisualStudioVersion = 10.0.40219.1
Project("{9A19103F-16F7-4668-BE54-9A1E7A4F7556}") = "ImageGlass", "ImageGlass\ImageGlass.csproj", "{45AB9FE4-1E37-4589-A6A4-328405857E38}"
EndProject
Project("{2150E333-8FDC-42A3-9474-1A3956D46DE8}") = "Components", "Components", "{7C1E4F51-84BC-4B62-84CB-8261C06033E7}"
EndProject
Project("{9A19103F-16F7-4668-BE54-9A1E7A4F7556}") = "ImageGlass.Base", "Components\ImageGlass.Base\ImageGlass.Base.csproj", "{303B2F06-A298-40E9-9177-3DC3E78D1889}"
EndProject
Project("{9A19103F-16F7-4668-BE54-9A1E7A4F7556}") = "ImageGlass.Settings", "Components\ImageGlass.Settings\ImageGlass.Settings.csproj", "{F55FA499-EC7D-4BB5-AB0D-72F600EF4D03}"
EndProject
Project("{9A19103F-16F7-4668-BE54-9A1E7A4F7556}") = "ImageGlass.UI", "Components\ImageGlass.UI\ImageGlass.UI.csproj", "{658F690D-CA98-455D-BBCE-F5BFEF0FA689}"
EndProject
Project("{9A19103F-16F7-4668-BE54-9A1E7A4F7556}") = "ImageGlass.Gallery", "Components\ImageGlass.Gallery\ImageGlass.Gallery.csproj", "{BA595D24-6549-49BC-A8D5-E3936DCFFF38}"
EndProject
Project("{9A19103F-16F7-4668-BE54-9A1E7A4F7556}") = "igcmd", "igcmd\igcmd.csproj", "{3DA7609F-06EF-4C3D-BDD7-3987BC6F5BA7}"
EndProject
Project("{9A19103F-16F7-4668-BE54-9A1E7A4F7556}") = "ImageGlass.Viewer", "Components\ImageGlass.Views\ImageGlass.Viewer.csproj", "{117022C1-BA6E-40FC-BA93-8CC99EC9A79B}"
EndProject
Project("{9A19103F-16F7-4668-BE54-9A1E7A4F7556}") = "ImageGlass.WebP", "Components\ImageGlass.Webp\ImageGlass.WebP.csproj", "{4CAAB9A9-D051-4BC2-8DD0-78F44D6DC932}"
EndProject
Project("{9A19103F-16F7-4668-BE54-9A1E7A4F7556}") = "ImageGlass.WinTouch", "Components\ImageGlass.WinTouch\ImageGlass.WinTouch.csproj", "{96A8D885-BB41-428F-90F5-021F345B4166}"
EndProject
Global
	GlobalSection(SolutionConfigurationPlatforms) = preSolution
		Debug|Any CPU = Debug|Any CPU
		Debug|ARM = Debug|ARM
		Debug|ARM64 = Debug|ARM64
		Debug|x64 = Debug|x64
		Debug|x86 = Debug|x86
		Publish_Release|Any CPU = Publish_Release|Any CPU
		Publish_Release|ARM = Publish_Release|ARM
		Publish_Release|ARM64 = Publish_Release|ARM64
		Publish_Release|x64 = Publish_Release|x64
		Publish_Release|x86 = Publish_Release|x86
		Release|Any CPU = Release|Any CPU
		Release|ARM = Release|ARM
		Release|ARM64 = Release|ARM64
		Release|x64 = Release|x64
		Release|x86 = Release|x86
	EndGlobalSection
	GlobalSection(ProjectConfigurationPlatforms) = postSolution
		{45AB9FE4-1E37-4589-A6A4-328405857E38}.Debug|Any CPU.ActiveCfg = Debug|x64
		{45AB9FE4-1E37-4589-A6A4-328405857E38}.Debug|Any CPU.Build.0 = Debug|x64
		{45AB9FE4-1E37-4589-A6A4-328405857E38}.Debug|ARM.ActiveCfg = Debug|x64
		{45AB9FE4-1E37-4589-A6A4-328405857E38}.Debug|ARM.Build.0 = Debug|x64
		{45AB9FE4-1E37-4589-A6A4-328405857E38}.Debug|ARM64.ActiveCfg = Debug|ARM64
		{45AB9FE4-1E37-4589-A6A4-328405857E38}.Debug|ARM64.Build.0 = Debug|ARM64
		{45AB9FE4-1E37-4589-A6A4-328405857E38}.Debug|x64.ActiveCfg = Debug|x64
		{45AB9FE4-1E37-4589-A6A4-328405857E38}.Debug|x64.Build.0 = Debug|x64
		{45AB9FE4-1E37-4589-A6A4-328405857E38}.Debug|x86.ActiveCfg = Debug|x64
		{45AB9FE4-1E37-4589-A6A4-328405857E38}.Debug|x86.Build.0 = Debug|x64
		{45AB9FE4-1E37-4589-A6A4-328405857E38}.Publish_Release|Any CPU.ActiveCfg = Publish_Release|x64
		{45AB9FE4-1E37-4589-A6A4-328405857E38}.Publish_Release|Any CPU.Build.0 = Publish_Release|x64
		{45AB9FE4-1E37-4589-A6A4-328405857E38}.Publish_Release|ARM.ActiveCfg = Publish_Release|x64
		{45AB9FE4-1E37-4589-A6A4-328405857E38}.Publish_Release|ARM.Build.0 = Publish_Release|x64
		{45AB9FE4-1E37-4589-A6A4-328405857E38}.Publish_Release|ARM64.ActiveCfg = Publish_Release|ARM64
		{45AB9FE4-1E37-4589-A6A4-328405857E38}.Publish_Release|ARM64.Build.0 = Publish_Release|ARM64
		{45AB9FE4-1E37-4589-A6A4-328405857E38}.Publish_Release|x64.ActiveCfg = Publish_Release|x64
		{45AB9FE4-1E37-4589-A6A4-328405857E38}.Publish_Release|x64.Build.0 = Publish_Release|x64
		{45AB9FE4-1E37-4589-A6A4-328405857E38}.Publish_Release|x86.ActiveCfg = Publish_Release|x64
		{45AB9FE4-1E37-4589-A6A4-328405857E38}.Publish_Release|x86.Build.0 = Publish_Release|x64
		{45AB9FE4-1E37-4589-A6A4-328405857E38}.Release|Any CPU.ActiveCfg = Release|x64
		{45AB9FE4-1E37-4589-A6A4-328405857E38}.Release|Any CPU.Build.0 = Release|x64
		{45AB9FE4-1E37-4589-A6A4-328405857E38}.Release|ARM.ActiveCfg = Release|x64
		{45AB9FE4-1E37-4589-A6A4-328405857E38}.Release|ARM.Build.0 = Release|x64
		{45AB9FE4-1E37-4589-A6A4-328405857E38}.Release|ARM64.ActiveCfg = Release|ARM64
		{45AB9FE4-1E37-4589-A6A4-328405857E38}.Release|ARM64.Build.0 = Release|ARM64
		{45AB9FE4-1E37-4589-A6A4-328405857E38}.Release|x64.ActiveCfg = Release|x64
		{45AB9FE4-1E37-4589-A6A4-328405857E38}.Release|x64.Build.0 = Release|x64
		{45AB9FE4-1E37-4589-A6A4-328405857E38}.Release|x86.ActiveCfg = Release|x64
		{45AB9FE4-1E37-4589-A6A4-328405857E38}.Release|x86.Build.0 = Release|x64
		{303B2F06-A298-40E9-9177-3DC3E78D1889}.Debug|Any CPU.ActiveCfg = Debug|x64
		{303B2F06-A298-40E9-9177-3DC3E78D1889}.Debug|Any CPU.Build.0 = Debug|x64
		{303B2F06-A298-40E9-9177-3DC3E78D1889}.Debug|ARM.ActiveCfg = Debug|x64
		{303B2F06-A298-40E9-9177-3DC3E78D1889}.Debug|ARM.Build.0 = Debug|x64
		{303B2F06-A298-40E9-9177-3DC3E78D1889}.Debug|ARM64.ActiveCfg = Debug|ARM64
		{303B2F06-A298-40E9-9177-3DC3E78D1889}.Debug|ARM64.Build.0 = Debug|ARM64
		{303B2F06-A298-40E9-9177-3DC3E78D1889}.Debug|x64.ActiveCfg = Debug|x64
		{303B2F06-A298-40E9-9177-3DC3E78D1889}.Debug|x64.Build.0 = Debug|x64
		{303B2F06-A298-40E9-9177-3DC3E78D1889}.Debug|x86.ActiveCfg = Debug|x64
		{303B2F06-A298-40E9-9177-3DC3E78D1889}.Debug|x86.Build.0 = Debug|x64
		{303B2F06-A298-40E9-9177-3DC3E78D1889}.Publish_Release|Any CPU.ActiveCfg = Publish_Release|x64
		{303B2F06-A298-40E9-9177-3DC3E78D1889}.Publish_Release|Any CPU.Build.0 = Publish_Release|x64
		{303B2F06-A298-40E9-9177-3DC3E78D1889}.Publish_Release|ARM.ActiveCfg = Publish_Release|x64
		{303B2F06-A298-40E9-9177-3DC3E78D1889}.Publish_Release|ARM.Build.0 = Publish_Release|x64
		{303B2F06-A298-40E9-9177-3DC3E78D1889}.Publish_Release|ARM64.ActiveCfg = Publish_Release|ARM64
		{303B2F06-A298-40E9-9177-3DC3E78D1889}.Publish_Release|ARM64.Build.0 = Publish_Release|ARM64
		{303B2F06-A298-40E9-9177-3DC3E78D1889}.Publish_Release|x64.ActiveCfg = Publish_Release|x64
		{303B2F06-A298-40E9-9177-3DC3E78D1889}.Publish_Release|x64.Build.0 = Publish_Release|x64
		{303B2F06-A298-40E9-9177-3DC3E78D1889}.Publish_Release|x86.ActiveCfg = Publish_Release|x64
		{303B2F06-A298-40E9-9177-3DC3E78D1889}.Publish_Release|x86.Build.0 = Publish_Release|x64
		{303B2F06-A298-40E9-9177-3DC3E78D1889}.Release|Any CPU.ActiveCfg = Release|x64
		{303B2F06-A298-40E9-9177-3DC3E78D1889}.Release|Any CPU.Build.0 = Release|x64
		{303B2F06-A298-40E9-9177-3DC3E78D1889}.Release|ARM.ActiveCfg = Release|x64
		{303B2F06-A298-40E9-9177-3DC3E78D1889}.Release|ARM.Build.0 = Release|x64
		{303B2F06-A298-40E9-9177-3DC3E78D1889}.Release|ARM64.ActiveCfg = Release|ARM64
		{303B2F06-A298-40E9-9177-3DC3E78D1889}.Release|ARM64.Build.0 = Release|ARM64
		{303B2F06-A298-40E9-9177-3DC3E78D1889}.Release|x64.ActiveCfg = Release|x64
		{303B2F06-A298-40E9-9177-3DC3E78D1889}.Release|x64.Build.0 = Release|x64
		{303B2F06-A298-40E9-9177-3DC3E78D1889}.Release|x86.ActiveCfg = Release|x64
		{303B2F06-A298-40E9-9177-3DC3E78D1889}.Release|x86.Build.0 = Release|x64
		{F55FA499-EC7D-4BB5-AB0D-72F600EF4D03}.Debug|Any CPU.ActiveCfg = Debug|x64
		{F55FA499-EC7D-4BB5-AB0D-72F600EF4D03}.Debug|Any CPU.Build.0 = Debug|x64
		{F55FA499-EC7D-4BB5-AB0D-72F600EF4D03}.Debug|ARM.ActiveCfg = Debug|x64
		{F55FA499-EC7D-4BB5-AB0D-72F600EF4D03}.Debug|ARM.Build.0 = Debug|x64
		{F55FA499-EC7D-4BB5-AB0D-72F600EF4D03}.Debug|ARM64.ActiveCfg = Debug|ARM64
		{F55FA499-EC7D-4BB5-AB0D-72F600EF4D03}.Debug|ARM64.Build.0 = Debug|ARM64
		{F55FA499-EC7D-4BB5-AB0D-72F600EF4D03}.Debug|x64.ActiveCfg = Debug|x64
		{F55FA499-EC7D-4BB5-AB0D-72F600EF4D03}.Debug|x64.Build.0 = Debug|x64
		{F55FA499-EC7D-4BB5-AB0D-72F600EF4D03}.Debug|x86.ActiveCfg = Debug|x64
		{F55FA499-EC7D-4BB5-AB0D-72F600EF4D03}.Debug|x86.Build.0 = Debug|x64
		{F55FA499-EC7D-4BB5-AB0D-72F600EF4D03}.Publish_Release|Any CPU.ActiveCfg = Publish_Release|x64
		{F55FA499-EC7D-4BB5-AB0D-72F600EF4D03}.Publish_Release|Any CPU.Build.0 = Publish_Release|x64
		{F55FA499-EC7D-4BB5-AB0D-72F600EF4D03}.Publish_Release|ARM.ActiveCfg = Publish_Release|x64
		{F55FA499-EC7D-4BB5-AB0D-72F600EF4D03}.Publish_Release|ARM.Build.0 = Publish_Release|x64
		{F55FA499-EC7D-4BB5-AB0D-72F600EF4D03}.Publish_Release|ARM64.ActiveCfg = Publish_Release|ARM64
		{F55FA499-EC7D-4BB5-AB0D-72F600EF4D03}.Publish_Release|ARM64.Build.0 = Publish_Release|ARM64
		{F55FA499-EC7D-4BB5-AB0D-72F600EF4D03}.Publish_Release|x64.ActiveCfg = Publish_Release|x64
		{F55FA499-EC7D-4BB5-AB0D-72F600EF4D03}.Publish_Release|x64.Build.0 = Publish_Release|x64
		{F55FA499-EC7D-4BB5-AB0D-72F600EF4D03}.Publish_Release|x86.ActiveCfg = Publish_Release|x64
		{F55FA499-EC7D-4BB5-AB0D-72F600EF4D03}.Publish_Release|x86.Build.0 = Publish_Release|x64
		{F55FA499-EC7D-4BB5-AB0D-72F600EF4D03}.Release|Any CPU.ActiveCfg = Release|x64
		{F55FA499-EC7D-4BB5-AB0D-72F600EF4D03}.Release|Any CPU.Build.0 = Release|x64
		{F55FA499-EC7D-4BB5-AB0D-72F600EF4D03}.Release|ARM.ActiveCfg = Release|x64
		{F55FA499-EC7D-4BB5-AB0D-72F600EF4D03}.Release|ARM.Build.0 = Release|x64
		{F55FA499-EC7D-4BB5-AB0D-72F600EF4D03}.Release|ARM64.ActiveCfg = Release|ARM64
		{F55FA499-EC7D-4BB5-AB0D-72F600EF4D03}.Release|ARM64.Build.0 = Release|ARM64
		{F55FA499-EC7D-4BB5-AB0D-72F600EF4D03}.Release|x64.ActiveCfg = Release|x64
		{F55FA499-EC7D-4BB5-AB0D-72F600EF4D03}.Release|x64.Build.0 = Release|x64
		{F55FA499-EC7D-4BB5-AB0D-72F600EF4D03}.Release|x86.ActiveCfg = Release|x64
		{F55FA499-EC7D-4BB5-AB0D-72F600EF4D03}.Release|x86.Build.0 = Release|x64
		{658F690D-CA98-455D-BBCE-F5BFEF0FA689}.Debug|Any CPU.ActiveCfg = Debug|x64
		{658F690D-CA98-455D-BBCE-F5BFEF0FA689}.Debug|Any CPU.Build.0 = Debug|x64
		{658F690D-CA98-455D-BBCE-F5BFEF0FA689}.Debug|ARM.ActiveCfg = Debug|x64
		{658F690D-CA98-455D-BBCE-F5BFEF0FA689}.Debug|ARM.Build.0 = Debug|x64
		{658F690D-CA98-455D-BBCE-F5BFEF0FA689}.Debug|ARM64.ActiveCfg = Debug|ARM64
		{658F690D-CA98-455D-BBCE-F5BFEF0FA689}.Debug|ARM64.Build.0 = Debug|ARM64
		{658F690D-CA98-455D-BBCE-F5BFEF0FA689}.Debug|x64.ActiveCfg = Debug|x64
		{658F690D-CA98-455D-BBCE-F5BFEF0FA689}.Debug|x64.Build.0 = Debug|x64
		{658F690D-CA98-455D-BBCE-F5BFEF0FA689}.Debug|x86.ActiveCfg = Debug|x64
		{658F690D-CA98-455D-BBCE-F5BFEF0FA689}.Debug|x86.Build.0 = Debug|x64
		{658F690D-CA98-455D-BBCE-F5BFEF0FA689}.Publish_Release|Any CPU.ActiveCfg = Publish_Release|x64
		{658F690D-CA98-455D-BBCE-F5BFEF0FA689}.Publish_Release|Any CPU.Build.0 = Publish_Release|x64
		{658F690D-CA98-455D-BBCE-F5BFEF0FA689}.Publish_Release|ARM.ActiveCfg = Publish_Release|x64
		{658F690D-CA98-455D-BBCE-F5BFEF0FA689}.Publish_Release|ARM.Build.0 = Publish_Release|x64
		{658F690D-CA98-455D-BBCE-F5BFEF0FA689}.Publish_Release|ARM64.ActiveCfg = Publish_Release|ARM64
		{658F690D-CA98-455D-BBCE-F5BFEF0FA689}.Publish_Release|ARM64.Build.0 = Publish_Release|ARM64
		{658F690D-CA98-455D-BBCE-F5BFEF0FA689}.Publish_Release|x64.ActiveCfg = Publish_Release|x64
		{658F690D-CA98-455D-BBCE-F5BFEF0FA689}.Publish_Release|x64.Build.0 = Publish_Release|x64
		{658F690D-CA98-455D-BBCE-F5BFEF0FA689}.Publish_Release|x86.ActiveCfg = Publish_Release|x64
		{658F690D-CA98-455D-BBCE-F5BFEF0FA689}.Publish_Release|x86.Build.0 = Publish_Release|x64
		{658F690D-CA98-455D-BBCE-F5BFEF0FA689}.Release|Any CPU.ActiveCfg = Release|x64
		{658F690D-CA98-455D-BBCE-F5BFEF0FA689}.Release|Any CPU.Build.0 = Release|x64
		{658F690D-CA98-455D-BBCE-F5BFEF0FA689}.Release|ARM.ActiveCfg = Release|x64
		{658F690D-CA98-455D-BBCE-F5BFEF0FA689}.Release|ARM.Build.0 = Release|x64
		{658F690D-CA98-455D-BBCE-F5BFEF0FA689}.Release|ARM64.ActiveCfg = Release|ARM64
		{658F690D-CA98-455D-BBCE-F5BFEF0FA689}.Release|ARM64.Build.0 = Release|ARM64
		{658F690D-CA98-455D-BBCE-F5BFEF0FA689}.Release|x64.ActiveCfg = Release|x64
		{658F690D-CA98-455D-BBCE-F5BFEF0FA689}.Release|x64.Build.0 = Release|x64
		{658F690D-CA98-455D-BBCE-F5BFEF0FA689}.Release|x86.ActiveCfg = Release|x64
		{658F690D-CA98-455D-BBCE-F5BFEF0FA689}.Release|x86.Build.0 = Release|x64
		{BA595D24-6549-49BC-A8D5-E3936DCFFF38}.Debug|Any CPU.ActiveCfg = Debug|x64
		{BA595D24-6549-49BC-A8D5-E3936DCFFF38}.Debug|Any CPU.Build.0 = Debug|x64
		{BA595D24-6549-49BC-A8D5-E3936DCFFF38}.Debug|ARM.ActiveCfg = Debug|x64
		{BA595D24-6549-49BC-A8D5-E3936DCFFF38}.Debug|ARM.Build.0 = Debug|x64
		{BA595D24-6549-49BC-A8D5-E3936DCFFF38}.Debug|ARM64.ActiveCfg = Debug|ARM64
		{BA595D24-6549-49BC-A8D5-E3936DCFFF38}.Debug|ARM64.Build.0 = Debug|ARM64
		{BA595D24-6549-49BC-A8D5-E3936DCFFF38}.Debug|x64.ActiveCfg = Debug|x64
		{BA595D24-6549-49BC-A8D5-E3936DCFFF38}.Debug|x64.Build.0 = Debug|x64
		{BA595D24-6549-49BC-A8D5-E3936DCFFF38}.Debug|x86.ActiveCfg = Debug|x64
		{BA595D24-6549-49BC-A8D5-E3936DCFFF38}.Debug|x86.Build.0 = Debug|x64
		{BA595D24-6549-49BC-A8D5-E3936DCFFF38}.Publish_Release|Any CPU.ActiveCfg = Publish_Release|x64
		{BA595D24-6549-49BC-A8D5-E3936DCFFF38}.Publish_Release|Any CPU.Build.0 = Publish_Release|x64
		{BA595D24-6549-49BC-A8D5-E3936DCFFF38}.Publish_Release|ARM.ActiveCfg = Publish_Release|x64
		{BA595D24-6549-49BC-A8D5-E3936DCFFF38}.Publish_Release|ARM.Build.0 = Publish_Release|x64
		{BA595D24-6549-49BC-A8D5-E3936DCFFF38}.Publish_Release|ARM64.ActiveCfg = Publish_Release|ARM64
		{BA595D24-6549-49BC-A8D5-E3936DCFFF38}.Publish_Release|ARM64.Build.0 = Publish_Release|ARM64
		{BA595D24-6549-49BC-A8D5-E3936DCFFF38}.Publish_Release|x64.ActiveCfg = Publish_Release|x64
		{BA595D24-6549-49BC-A8D5-E3936DCFFF38}.Publish_Release|x64.Build.0 = Publish_Release|x64
		{BA595D24-6549-49BC-A8D5-E3936DCFFF38}.Publish_Release|x86.ActiveCfg = Publish_Release|x64
		{BA595D24-6549-49BC-A8D5-E3936DCFFF38}.Publish_Release|x86.Build.0 = Publish_Release|x64
		{BA595D24-6549-49BC-A8D5-E3936DCFFF38}.Release|Any CPU.ActiveCfg = Release|x64
		{BA595D24-6549-49BC-A8D5-E3936DCFFF38}.Release|Any CPU.Build.0 = Release|x64
		{BA595D24-6549-49BC-A8D5-E3936DCFFF38}.Release|ARM.ActiveCfg = Release|x64
		{BA595D24-6549-49BC-A8D5-E3936DCFFF38}.Release|ARM.Build.0 = Release|x64
		{BA595D24-6549-49BC-A8D5-E3936DCFFF38}.Release|ARM64.ActiveCfg = Release|ARM64
		{BA595D24-6549-49BC-A8D5-E3936DCFFF38}.Release|ARM64.Build.0 = Release|ARM64
		{BA595D24-6549-49BC-A8D5-E3936DCFFF38}.Release|x64.ActiveCfg = Release|x64
		{BA595D24-6549-49BC-A8D5-E3936DCFFF38}.Release|x64.Build.0 = Release|x64
		{BA595D24-6549-49BC-A8D5-E3936DCFFF38}.Release|x86.ActiveCfg = Release|x64
		{BA595D24-6549-49BC-A8D5-E3936DCFFF38}.Release|x86.Build.0 = Release|x64
		{3DA7609F-06EF-4C3D-BDD7-3987BC6F5BA7}.Debug|Any CPU.ActiveCfg = Debug|x64
		{3DA7609F-06EF-4C3D-BDD7-3987BC6F5BA7}.Debug|Any CPU.Build.0 = Debug|x64
		{3DA7609F-06EF-4C3D-BDD7-3987BC6F5BA7}.Debug|ARM.ActiveCfg = Debug|x64
		{3DA7609F-06EF-4C3D-BDD7-3987BC6F5BA7}.Debug|ARM.Build.0 = Debug|x64
		{3DA7609F-06EF-4C3D-BDD7-3987BC6F5BA7}.Debug|ARM64.ActiveCfg = Debug|ARM64
		{3DA7609F-06EF-4C3D-BDD7-3987BC6F5BA7}.Debug|ARM64.Build.0 = Debug|ARM64
		{3DA7609F-06EF-4C3D-BDD7-3987BC6F5BA7}.Debug|x64.ActiveCfg = Debug|x64
		{3DA7609F-06EF-4C3D-BDD7-3987BC6F5BA7}.Debug|x64.Build.0 = Debug|x64
		{3DA7609F-06EF-4C3D-BDD7-3987BC6F5BA7}.Debug|x86.ActiveCfg = Debug|x64
		{3DA7609F-06EF-4C3D-BDD7-3987BC6F5BA7}.Debug|x86.Build.0 = Debug|x64
		{3DA7609F-06EF-4C3D-BDD7-3987BC6F5BA7}.Publish_Release|Any CPU.ActiveCfg = Publish_Release|x64
		{3DA7609F-06EF-4C3D-BDD7-3987BC6F5BA7}.Publish_Release|Any CPU.Build.0 = Publish_Release|x64
		{3DA7609F-06EF-4C3D-BDD7-3987BC6F5BA7}.Publish_Release|ARM.ActiveCfg = Publish_Release|x64
		{3DA7609F-06EF-4C3D-BDD7-3987BC6F5BA7}.Publish_Release|ARM.Build.0 = Publish_Release|x64
		{3DA7609F-06EF-4C3D-BDD7-3987BC6F5BA7}.Publish_Release|ARM64.ActiveCfg = Publish_Release|ARM64
		{3DA7609F-06EF-4C3D-BDD7-3987BC6F5BA7}.Publish_Release|ARM64.Build.0 = Publish_Release|ARM64
		{3DA7609F-06EF-4C3D-BDD7-3987BC6F5BA7}.Publish_Release|x64.ActiveCfg = Publish_Release|x64
		{3DA7609F-06EF-4C3D-BDD7-3987BC6F5BA7}.Publish_Release|x64.Build.0 = Publish_Release|x64
		{3DA7609F-06EF-4C3D-BDD7-3987BC6F5BA7}.Publish_Release|x86.ActiveCfg = Publish_Release|x64
		{3DA7609F-06EF-4C3D-BDD7-3987BC6F5BA7}.Publish_Release|x86.Build.0 = Publish_Release|x64
		{3DA7609F-06EF-4C3D-BDD7-3987BC6F5BA7}.Release|Any CPU.ActiveCfg = Release|x64
		{3DA7609F-06EF-4C3D-BDD7-3987BC6F5BA7}.Release|Any CPU.Build.0 = Release|x64
		{3DA7609F-06EF-4C3D-BDD7-3987BC6F5BA7}.Release|ARM.ActiveCfg = Release|x64
		{3DA7609F-06EF-4C3D-BDD7-3987BC6F5BA7}.Release|ARM.Build.0 = Release|x64
		{3DA7609F-06EF-4C3D-BDD7-3987BC6F5BA7}.Release|ARM64.ActiveCfg = Release|ARM64
		{3DA7609F-06EF-4C3D-BDD7-3987BC6F5BA7}.Release|ARM64.Build.0 = Release|ARM64
		{3DA7609F-06EF-4C3D-BDD7-3987BC6F5BA7}.Release|x64.ActiveCfg = Release|x64
		{3DA7609F-06EF-4C3D-BDD7-3987BC6F5BA7}.Release|x64.Build.0 = Release|x64
		{3DA7609F-06EF-4C3D-BDD7-3987BC6F5BA7}.Release|x86.ActiveCfg = Release|x64
		{3DA7609F-06EF-4C3D-BDD7-3987BC6F5BA7}.Release|x86.Build.0 = Release|x64
		{117022C1-BA6E-40FC-BA93-8CC99EC9A79B}.Debug|Any CPU.ActiveCfg = Debug|x64
		{117022C1-BA6E-40FC-BA93-8CC99EC9A79B}.Debug|Any CPU.Build.0 = Debug|x64
		{117022C1-BA6E-40FC-BA93-8CC99EC9A79B}.Debug|ARM.ActiveCfg = Debug|x64
		{117022C1-BA6E-40FC-BA93-8CC99EC9A79B}.Debug|ARM.Build.0 = Debug|x64
		{117022C1-BA6E-40FC-BA93-8CC99EC9A79B}.Debug|ARM64.ActiveCfg = Debug|ARM64
		{117022C1-BA6E-40FC-BA93-8CC99EC9A79B}.Debug|ARM64.Build.0 = Debug|ARM64
		{117022C1-BA6E-40FC-BA93-8CC99EC9A79B}.Debug|x64.ActiveCfg = Debug|x64
		{117022C1-BA6E-40FC-BA93-8CC99EC9A79B}.Debug|x64.Build.0 = Debug|x64
		{117022C1-BA6E-40FC-BA93-8CC99EC9A79B}.Debug|x86.ActiveCfg = Debug|x64
		{117022C1-BA6E-40FC-BA93-8CC99EC9A79B}.Debug|x86.Build.0 = Debug|x64
		{117022C1-BA6E-40FC-BA93-8CC99EC9A79B}.Publish_Release|Any CPU.ActiveCfg = Publish_Release|x64
		{117022C1-BA6E-40FC-BA93-8CC99EC9A79B}.Publish_Release|Any CPU.Build.0 = Publish_Release|x64
		{117022C1-BA6E-40FC-BA93-8CC99EC9A79B}.Publish_Release|ARM.ActiveCfg = Publish_Release|x64
		{117022C1-BA6E-40FC-BA93-8CC99EC9A79B}.Publish_Release|ARM.Build.0 = Publish_Release|x64
		{117022C1-BA6E-40FC-BA93-8CC99EC9A79B}.Publish_Release|ARM64.ActiveCfg = Publish_Release|ARM64
		{117022C1-BA6E-40FC-BA93-8CC99EC9A79B}.Publish_Release|ARM64.Build.0 = Publish_Release|ARM64
		{117022C1-BA6E-40FC-BA93-8CC99EC9A79B}.Publish_Release|x64.ActiveCfg = Publish_Release|x64
		{117022C1-BA6E-40FC-BA93-8CC99EC9A79B}.Publish_Release|x64.Build.0 = Publish_Release|x64
		{117022C1-BA6E-40FC-BA93-8CC99EC9A79B}.Publish_Release|x86.ActiveCfg = Publish_Release|x64
		{117022C1-BA6E-40FC-BA93-8CC99EC9A79B}.Publish_Release|x86.Build.0 = Publish_Release|x64
		{117022C1-BA6E-40FC-BA93-8CC99EC9A79B}.Release|Any CPU.ActiveCfg = Release|x64
		{117022C1-BA6E-40FC-BA93-8CC99EC9A79B}.Release|Any CPU.Build.0 = Release|x64
		{117022C1-BA6E-40FC-BA93-8CC99EC9A79B}.Release|ARM.ActiveCfg = Release|x64
		{117022C1-BA6E-40FC-BA93-8CC99EC9A79B}.Release|ARM.Build.0 = Release|x64
		{117022C1-BA6E-40FC-BA93-8CC99EC9A79B}.Release|ARM64.ActiveCfg = Release|ARM64
		{117022C1-BA6E-40FC-BA93-8CC99EC9A79B}.Release|ARM64.Build.0 = Release|ARM64
		{117022C1-BA6E-40FC-BA93-8CC99EC9A79B}.Release|x64.ActiveCfg = Release|x64
		{117022C1-BA6E-40FC-BA93-8CC99EC9A79B}.Release|x64.Build.0 = Release|x64
		{117022C1-BA6E-40FC-BA93-8CC99EC9A79B}.Release|x86.ActiveCfg = Release|x64
		{117022C1-BA6E-40FC-BA93-8CC99EC9A79B}.Release|x86.Build.0 = Release|x64
		{4CAAB9A9-D051-4BC2-8DD0-78F44D6DC932}.Debug|Any CPU.ActiveCfg = Debug|x64
		{4CAAB9A9-D051-4BC2-8DD0-78F44D6DC932}.Debug|Any CPU.Build.0 = Debug|x64
		{4CAAB9A9-D051-4BC2-8DD0-78F44D6DC932}.Debug|ARM.ActiveCfg = Debug|x64
		{4CAAB9A9-D051-4BC2-8DD0-78F44D6DC932}.Debug|ARM.Build.0 = Debug|x64
		{4CAAB9A9-D051-4BC2-8DD0-78F44D6DC932}.Debug|ARM64.ActiveCfg = Debug|ARM64
		{4CAAB9A9-D051-4BC2-8DD0-78F44D6DC932}.Debug|ARM64.Build.0 = Debug|ARM64
		{4CAAB9A9-D051-4BC2-8DD0-78F44D6DC932}.Debug|x64.ActiveCfg = Debug|x64
		{4CAAB9A9-D051-4BC2-8DD0-78F44D6DC932}.Debug|x64.Build.0 = Debug|x64
		{4CAAB9A9-D051-4BC2-8DD0-78F44D6DC932}.Debug|x86.ActiveCfg = Debug|x64
		{4CAAB9A9-D051-4BC2-8DD0-78F44D6DC932}.Debug|x86.Build.0 = Debug|x64
		{4CAAB9A9-D051-4BC2-8DD0-78F44D6DC932}.Publish_Release|Any CPU.ActiveCfg = Publish_Release|x64
		{4CAAB9A9-D051-4BC2-8DD0-78F44D6DC932}.Publish_Release|Any CPU.Build.0 = Publish_Release|x64
		{4CAAB9A9-D051-4BC2-8DD0-78F44D6DC932}.Publish_Release|ARM.ActiveCfg = Publish_Release|x64
		{4CAAB9A9-D051-4BC2-8DD0-78F44D6DC932}.Publish_Release|ARM.Build.0 = Publish_Release|x64
		{4CAAB9A9-D051-4BC2-8DD0-78F44D6DC932}.Publish_Release|ARM64.ActiveCfg = Publish_Release|ARM64
		{4CAAB9A9-D051-4BC2-8DD0-78F44D6DC932}.Publish_Release|ARM64.Build.0 = Publish_Release|ARM64
		{4CAAB9A9-D051-4BC2-8DD0-78F44D6DC932}.Publish_Release|x64.ActiveCfg = Publish_Release|x64
		{4CAAB9A9-D051-4BC2-8DD0-78F44D6DC932}.Publish_Release|x64.Build.0 = Publish_Release|x64
		{4CAAB9A9-D051-4BC2-8DD0-78F44D6DC932}.Publish_Release|x86.ActiveCfg = Publish_Release|x64
		{4CAAB9A9-D051-4BC2-8DD0-78F44D6DC932}.Publish_Release|x86.Build.0 = Publish_Release|x64
		{4CAAB9A9-D051-4BC2-8DD0-78F44D6DC932}.Release|Any CPU.ActiveCfg = Release|x64
		{4CAAB9A9-D051-4BC2-8DD0-78F44D6DC932}.Release|Any CPU.Build.0 = Release|x64
		{4CAAB9A9-D051-4BC2-8DD0-78F44D6DC932}.Release|ARM.ActiveCfg = Release|x64
		{4CAAB9A9-D051-4BC2-8DD0-78F44D6DC932}.Release|ARM.Build.0 = Release|x64
		{4CAAB9A9-D051-4BC2-8DD0-78F44D6DC932}.Release|ARM64.ActiveCfg = Release|ARM64
		{4CAAB9A9-D051-4BC2-8DD0-78F44D6DC932}.Release|ARM64.Build.0 = Release|ARM64
		{4CAAB9A9-D051-4BC2-8DD0-78F44D6DC932}.Release|x64.ActiveCfg = Release|x64
		{4CAAB9A9-D051-4BC2-8DD0-78F44D6DC932}.Release|x64.Build.0 = Release|x64
		{4CAAB9A9-D051-4BC2-8DD0-78F44D6DC932}.Release|x86.ActiveCfg = Release|x64
		{4CAAB9A9-D051-4BC2-8DD0-78F44D6DC932}.Release|x86.Build.0 = Release|x64
		{96A8D885-BB41-428F-90F5-021F345B4166}.Debug|Any CPU.ActiveCfg = Debug|x64
		{96A8D885-BB41-428F-90F5-021F345B4166}.Debug|Any CPU.Build.0 = Debug|x64
		{96A8D885-BB41-428F-90F5-021F345B4166}.Debug|ARM.ActiveCfg = Debug|x64
		{96A8D885-BB41-428F-90F5-021F345B4166}.Debug|ARM.Build.0 = Debug|x64
		{96A8D885-BB41-428F-90F5-021F345B4166}.Debug|ARM64.ActiveCfg = Debug|ARM64
		{96A8D885-BB41-428F-90F5-021F345B4166}.Debug|ARM64.Build.0 = Debug|ARM64
		{96A8D885-BB41-428F-90F5-021F345B4166}.Debug|x64.ActiveCfg = Debug|x64
		{96A8D885-BB41-428F-90F5-021F345B4166}.Debug|x64.Build.0 = Debug|x64
		{96A8D885-BB41-428F-90F5-021F345B4166}.Debug|x86.ActiveCfg = Debug|x64
		{96A8D885-BB41-428F-90F5-021F345B4166}.Debug|x86.Build.0 = Debug|x64
		{96A8D885-BB41-428F-90F5-021F345B4166}.Publish_Release|Any CPU.ActiveCfg = Publish_Release|x64
		{96A8D885-BB41-428F-90F5-021F345B4166}.Publish_Release|Any CPU.Build.0 = Publish_Release|x64
		{96A8D885-BB41-428F-90F5-021F345B4166}.Publish_Release|ARM.ActiveCfg = Publish_Release|x64
		{96A8D885-BB41-428F-90F5-021F345B4166}.Publish_Release|ARM.Build.0 = Publish_Release|x64
		{96A8D885-BB41-428F-90F5-021F345B4166}.Publish_Release|ARM64.ActiveCfg = Publish_Release|ARM64
		{96A8D885-BB41-428F-90F5-021F345B4166}.Publish_Release|ARM64.Build.0 = Publish_Release|ARM64
		{96A8D885-BB41-428F-90F5-021F345B4166}.Publish_Release|x64.ActiveCfg = Publish_Release|x64
		{96A8D885-BB41-428F-90F5-021F345B4166}.Publish_Release|x64.Build.0 = Publish_Release|x64
		{96A8D885-BB41-428F-90F5-021F345B4166}.Publish_Release|x86.ActiveCfg = Publish_Release|x64
		{96A8D885-BB41-428F-90F5-021F345B4166}.Publish_Release|x86.Build.0 = Publish_Release|x64
		{96A8D885-BB41-428F-90F5-021F345B4166}.Release|Any CPU.ActiveCfg = Release|x64
		{96A8D885-BB41-428F-90F5-021F345B4166}.Release|Any CPU.Build.0 = Release|x64
		{96A8D885-BB41-428F-90F5-021F345B4166}.Release|ARM.ActiveCfg = Release|x64
		{96A8D885-BB41-428F-90F5-021F345B4166}.Release|ARM.Build.0 = Release|x64
		{96A8D885-BB41-428F-90F5-021F345B4166}.Release|ARM64.ActiveCfg = Release|ARM64
		{96A8D885-BB41-428F-90F5-021F345B4166}.Release|ARM64.Build.0 = Release|ARM64
		{96A8D885-BB41-428F-90F5-021F345B4166}.Release|x64.ActiveCfg = Release|x64
		{96A8D885-BB41-428F-90F5-021F345B4166}.Release|x64.Build.0 = Release|x64
		{96A8D885-BB41-428F-90F5-021F345B4166}.Release|x86.ActiveCfg = Release|x64
		{96A8D885-BB41-428F-90F5-021F345B4166}.Release|x86.Build.0 = Release|x64
	EndGlobalSection
	GlobalSection(SolutionProperties) = preSolution
		HideSolutionNode = FALSE
	EndGlobalSection
	GlobalSection(NestedProjects) = preSolution
		{303B2F06-A298-40E9-9177-3DC3E78D1889} = {7C1E4F51-84BC-4B62-84CB-8261C06033E7}
		{F55FA499-EC7D-4BB5-AB0D-72F600EF4D03} = {7C1E4F51-84BC-4B62-84CB-8261C06033E7}
		{658F690D-CA98-455D-BBCE-F5BFEF0FA689} = {7C1E4F51-84BC-4B62-84CB-8261C06033E7}
		{BA595D24-6549-49BC-A8D5-E3936DCFFF38} = {7C1E4F51-84BC-4B62-84CB-8261C06033E7}
		{117022C1-BA6E-40FC-BA93-8CC99EC9A79B} = {7C1E4F51-84BC-4B62-84CB-8261C06033E7}
		{4CAAB9A9-D051-4BC2-8DD0-78F44D6DC932} = {7C1E4F51-84BC-4B62-84CB-8261C06033E7}
		{96A8D885-BB41-428F-90F5-021F345B4166} = {7C1E4F51-84BC-4B62-84CB-8261C06033E7}
	EndGlobalSection
	GlobalSection(ExtensibilityGlobals) = postSolution
		SolutionGuid = {215F5BF3-8E73-4DAE-B634-B4864C9D6FD1}
	EndGlobalSection
EndGlobal
