
Microsoft Visual Studio Solution File, Format Version 12.00
# Visual Studio Version 16
VisualStudioVersion = 16.0.28803.156
MinimumVisualStudioVersion = 10.0.40219.1
Project("{FAE04EC0-301F-11D3-BF4B-00C04F79EFBC}") = "ImageGlass", "ImageGlass\ImageGlass.csproj", "{97F81263-4825-4C06-A7B6-2E999765FA28}"
EndProject
Project("{2150E333-8FDC-42A3-9474-1A3956D46DE8}") = "Components", "Components", "{F5248B7E-8B93-4926-9A60-7208F759CAFC}"
EndProject
Project("{FAE04EC0-301F-11D3-BF4B-00C04F79EFBC}") = "ImageGlass.UI", "Components\ImageGlass.UI\ImageGlass.UI.csproj", "{76486F88-AA16-4D7D-BBF6-0F1C604D5853}"
EndProject
Project("{2150E333-8FDC-42A3-9474-1A3956D46DE8}") = "Utilities", "Utilities", "{CA86D298-03CA-4A54-A796-B3EBAF2CF841}"
EndProject
Project("{FAE04EC0-301F-11D3-BF4B-00C04F79EFBC}") = "igcmd", "Ultilities\igcmd\igcmd.csproj", "{CC391E3E-9137-4857-85DC-C4CF6DF37584}"
EndProject
Project("{FAE04EC0-301F-11D3-BF4B-00C04F79EFBC}") = "ImageGlass.Services", "Components\ImageGlass.Services\ImageGlass.Services.csproj", "{886DC568-C83E-443E-89FA-84CF420B2C68}"
EndProject
Project("{FAE04EC0-301F-11D3-BF4B-00C04F79EFBC}") = "igtasks", "Ultilities\igtasks\igtasks.csproj", "{63E3171F-D36E-4100-9C55-21D277B8530C}"
EndProject
Project("{FAE04EC0-301F-11D3-BF4B-00C04F79EFBC}") = "ImageGlass.Library", "Components\ImageGlass.Library\ImageGlass.Library.csproj", "{4BB719ED-B68B-4CB1-AAAF-BA0E3BC5FE81}"
EndProject
Project("{FAE04EC0-301F-11D3-BF4B-00C04F79EFBC}") = "ImageGlass.ImageBox", "Components\ImageGlass.ImageBox\ImageGlass.ImageBox.csproj", "{4159C8D3-C18D-4BED-8BE6-9BAD1B0CA4F6}"
EndProject
Project("{FAE04EC0-301F-11D3-BF4B-00C04F79EFBC}") = "ImageGlass.ImageListView", "Components\ImageGlass.ImageListView\ImageGlass.ImageListView.csproj", "{0C295FB8-C6C6-4A40-9F19-05A43F353A04}"
EndProject
Project("{FAE04EC0-301F-11D3-BF4B-00C04F79EFBC}") = "igcmdWin10", "Ultilities\igcmdWin10\igcmdWin10.csproj", "{E1B466B0-8ECE-4D5C-807A-600AAE97BEC7}"
EndProject
Project("{FAE04EC0-301F-11D3-BF4B-00C04F79EFBC}") = "ImageGlass.Heart", "Components\ImageGlass.Heart\ImageGlass.Heart.csproj", "{51493B09-7A0E-461F-BE18-A6CF629A8FAB}"
EndProject
Project("{FAE04EC0-301F-11D3-BF4B-00C04F79EFBC}") = "ImageGlass.Settings", "Components\ImageGlass.Settings\ImageGlass.Settings.csproj", "{4BAD780F-8071-4034-9020-ECC9F4352422}"
EndProject
Project("{FAE04EC0-301F-11D3-BF4B-00C04F79EFBC}") = "ImageGlass.Base", "Components\ImageGlass.Base\ImageGlass.Base.csproj", "{6CC96A70-6773-41B5-9FCA-4F0AB6FAD8CA}"
EndProject
Project("{2150E333-8FDC-42A3-9474-1A3956D46DE8}") = "Solution Items", "Solution Items", "{6B8EAB85-4C03-4A5A-AA61-1A3AD6299832}"
	ProjectSection(SolutionItems) = preProject
		.editorconfig = .editorconfig
	EndProjectSection
EndProject
Global
	GlobalSection(SolutionConfigurationPlatforms) = preSolution
		Debug Designer|Any CPU = Debug Designer|Any CPU
		Debug Designer|x64 = Debug Designer|x64
		Debug Designer|x86 = Debug Designer|x86
		Debug|Any CPU = Debug|Any CPU
		Debug|x64 = Debug|x64
		Debug|x86 = Debug|x86
		Release without WIC|Any CPU = Release without WIC|Any CPU
		Release without WIC|x64 = Release without WIC|x64
		Release without WIC|x86 = Release without WIC|x86
		Release_86|Any CPU = Release_86|Any CPU
		Release_86|x64 = Release_86|x64
		Release_86|x86 = Release_86|x86
		Release|Any CPU = Release|Any CPU
		Release|x64 = Release|x64
		Release|x86 = Release|x86
	EndGlobalSection
	GlobalSection(ProjectConfigurationPlatforms) = postSolution
		{97F81263-4825-4C06-A7B6-2E999765FA28}.Debug Designer|Any CPU.ActiveCfg = Debug|Any CPU
		{97F81263-4825-4C06-A7B6-2E999765FA28}.Debug Designer|Any CPU.Build.0 = Debug|Any CPU
		{97F81263-4825-4C06-A7B6-2E999765FA28}.Debug Designer|x64.ActiveCfg = Debug|x64
		{97F81263-4825-4C06-A7B6-2E999765FA28}.Debug Designer|x64.Build.0 = Debug|x64
		{97F81263-4825-4C06-A7B6-2E999765FA28}.Debug Designer|x86.ActiveCfg = Debug|Any CPU
		{97F81263-4825-4C06-A7B6-2E999765FA28}.Debug Designer|x86.Build.0 = Debug|Any CPU
		{97F81263-4825-4C06-A7B6-2E999765FA28}.Debug|Any CPU.ActiveCfg = Debug|Any CPU
		{97F81263-4825-4C06-A7B6-2E999765FA28}.Debug|Any CPU.Build.0 = Debug|Any CPU
		{97F81263-4825-4C06-A7B6-2E999765FA28}.Debug|x64.ActiveCfg = Debug|x64
		{97F81263-4825-4C06-A7B6-2E999765FA28}.Debug|x64.Build.0 = Debug|x64
		{97F81263-4825-4C06-A7B6-2E999765FA28}.Debug|x86.ActiveCfg = Debug|x86
		{97F81263-4825-4C06-A7B6-2E999765FA28}.Debug|x86.Build.0 = Debug|x86
		{97F81263-4825-4C06-A7B6-2E999765FA28}.Release without WIC|Any CPU.ActiveCfg = Debug|Any CPU
		{97F81263-4825-4C06-A7B6-2E999765FA28}.Release without WIC|Any CPU.Build.0 = Debug|Any CPU
		{97F81263-4825-4C06-A7B6-2E999765FA28}.Release without WIC|x64.ActiveCfg = Release|x64
		{97F81263-4825-4C06-A7B6-2E999765FA28}.Release without WIC|x64.Build.0 = Release|x64
		{97F81263-4825-4C06-A7B6-2E999765FA28}.Release without WIC|x86.ActiveCfg = Release|Any CPU
		{97F81263-4825-4C06-A7B6-2E999765FA28}.Release without WIC|x86.Build.0 = Release|Any CPU
		{97F81263-4825-4C06-A7B6-2E999765FA28}.Release_86|Any CPU.ActiveCfg = Debug|Any CPU
		{97F81263-4825-4C06-A7B6-2E999765FA28}.Release_86|Any CPU.Build.0 = Debug|Any CPU
		{97F81263-4825-4C06-A7B6-2E999765FA28}.Release_86|x64.ActiveCfg = Release|x64
		{97F81263-4825-4C06-A7B6-2E999765FA28}.Release_86|x64.Build.0 = Release|x64
		{97F81263-4825-4C06-A7B6-2E999765FA28}.Release_86|x86.ActiveCfg = Release|Any CPU
		{97F81263-4825-4C06-A7B6-2E999765FA28}.Release_86|x86.Build.0 = Release|Any CPU
		{97F81263-4825-4C06-A7B6-2E999765FA28}.Release|Any CPU.ActiveCfg = Release|Any CPU
		{97F81263-4825-4C06-A7B6-2E999765FA28}.Release|Any CPU.Build.0 = Release|Any CPU
		{97F81263-4825-4C06-A7B6-2E999765FA28}.Release|x64.ActiveCfg = Release|x64
		{97F81263-4825-4C06-A7B6-2E999765FA28}.Release|x64.Build.0 = Release|x64
		{97F81263-4825-4C06-A7B6-2E999765FA28}.Release|x86.ActiveCfg = Release|x86
		{97F81263-4825-4C06-A7B6-2E999765FA28}.Release|x86.Build.0 = Release|x86
		{76486F88-AA16-4D7D-BBF6-0F1C604D5853}.Debug Designer|Any CPU.ActiveCfg = Debug|Any CPU
		{76486F88-AA16-4D7D-BBF6-0F1C604D5853}.Debug Designer|Any CPU.Build.0 = Debug|Any CPU
		{76486F88-AA16-4D7D-BBF6-0F1C604D5853}.Debug Designer|x64.ActiveCfg = Debug|Any CPU
		{76486F88-AA16-4D7D-BBF6-0F1C604D5853}.Debug Designer|x64.Build.0 = Debug|Any CPU
		{76486F88-AA16-4D7D-BBF6-0F1C604D5853}.Debug Designer|x86.ActiveCfg = Debug|Any CPU
		{76486F88-AA16-4D7D-BBF6-0F1C604D5853}.Debug Designer|x86.Build.0 = Debug|Any CPU
		{76486F88-AA16-4D7D-BBF6-0F1C604D5853}.Debug|Any CPU.ActiveCfg = Debug|Any CPU
		{76486F88-AA16-4D7D-BBF6-0F1C604D5853}.Debug|Any CPU.Build.0 = Debug|Any CPU
		{76486F88-AA16-4D7D-BBF6-0F1C604D5853}.Debug|x64.ActiveCfg = Debug|x64
		{76486F88-AA16-4D7D-BBF6-0F1C604D5853}.Debug|x64.Build.0 = Debug|x64
		{76486F88-AA16-4D7D-BBF6-0F1C604D5853}.Debug|x86.ActiveCfg = Debug|x86
		{76486F88-AA16-4D7D-BBF6-0F1C604D5853}.Debug|x86.Build.0 = Debug|x86
		{76486F88-AA16-4D7D-BBF6-0F1C604D5853}.Release without WIC|Any CPU.ActiveCfg = Debug|Any CPU
		{76486F88-AA16-4D7D-BBF6-0F1C604D5853}.Release without WIC|Any CPU.Build.0 = Debug|Any CPU
		{76486F88-AA16-4D7D-BBF6-0F1C604D5853}.Release without WIC|x64.ActiveCfg = Release|x64
		{76486F88-AA16-4D7D-BBF6-0F1C604D5853}.Release without WIC|x64.Build.0 = Release|x64
		{76486F88-AA16-4D7D-BBF6-0F1C604D5853}.Release without WIC|x86.ActiveCfg = Release|Any CPU
		{76486F88-AA16-4D7D-BBF6-0F1C604D5853}.Release without WIC|x86.Build.0 = Release|Any CPU
		{76486F88-AA16-4D7D-BBF6-0F1C604D5853}.Release_86|Any CPU.ActiveCfg = Debug|Any CPU
		{76486F88-AA16-4D7D-BBF6-0F1C604D5853}.Release_86|Any CPU.Build.0 = Debug|Any CPU
		{76486F88-AA16-4D7D-BBF6-0F1C604D5853}.Release_86|x64.ActiveCfg = Release|x64
		{76486F88-AA16-4D7D-BBF6-0F1C604D5853}.Release_86|x64.Build.0 = Release|x64
		{76486F88-AA16-4D7D-BBF6-0F1C604D5853}.Release_86|x86.ActiveCfg = Release|Any CPU
		{76486F88-AA16-4D7D-BBF6-0F1C604D5853}.Release_86|x86.Build.0 = Release|Any CPU
		{76486F88-AA16-4D7D-BBF6-0F1C604D5853}.Release|Any CPU.ActiveCfg = Release|Any CPU
		{76486F88-AA16-4D7D-BBF6-0F1C604D5853}.Release|Any CPU.Build.0 = Release|Any CPU
		{76486F88-AA16-4D7D-BBF6-0F1C604D5853}.Release|x64.ActiveCfg = Release|Any CPU
		{76486F88-AA16-4D7D-BBF6-0F1C604D5853}.Release|x64.Build.0 = Release|Any CPU
		{76486F88-AA16-4D7D-BBF6-0F1C604D5853}.Release|x86.ActiveCfg = Release|Any CPU
		{76486F88-AA16-4D7D-BBF6-0F1C604D5853}.Release|x86.Build.0 = Release|Any CPU
		{CC391E3E-9137-4857-85DC-C4CF6DF37584}.Debug Designer|Any CPU.ActiveCfg = Debug|Any CPU
		{CC391E3E-9137-4857-85DC-C4CF6DF37584}.Debug Designer|Any CPU.Build.0 = Debug|Any CPU
		{CC391E3E-9137-4857-85DC-C4CF6DF37584}.Debug Designer|x64.ActiveCfg = Debug|x64
		{CC391E3E-9137-4857-85DC-C4CF6DF37584}.Debug Designer|x64.Build.0 = Debug|x64
		{CC391E3E-9137-4857-85DC-C4CF6DF37584}.Debug Designer|x86.ActiveCfg = Debug|Any CPU
		{CC391E3E-9137-4857-85DC-C4CF6DF37584}.Debug Designer|x86.Build.0 = Debug|Any CPU
		{CC391E3E-9137-4857-85DC-C4CF6DF37584}.Debug|Any CPU.ActiveCfg = Debug|Any CPU
		{CC391E3E-9137-4857-85DC-C4CF6DF37584}.Debug|Any CPU.Build.0 = Debug|Any CPU
		{CC391E3E-9137-4857-85DC-C4CF6DF37584}.Debug|Any CPU.Deploy.0 = Debug|Any CPU
		{CC391E3E-9137-4857-85DC-C4CF6DF37584}.Debug|x64.ActiveCfg = Debug|x64
		{CC391E3E-9137-4857-85DC-C4CF6DF37584}.Debug|x64.Build.0 = Debug|x64
		{CC391E3E-9137-4857-85DC-C4CF6DF37584}.Debug|x86.ActiveCfg = Debug|x86
		{CC391E3E-9137-4857-85DC-C4CF6DF37584}.Debug|x86.Build.0 = Debug|x86
		{CC391E3E-9137-4857-85DC-C4CF6DF37584}.Release without WIC|Any CPU.ActiveCfg = Debug|Any CPU
		{CC391E3E-9137-4857-85DC-C4CF6DF37584}.Release without WIC|Any CPU.Build.0 = Debug|Any CPU
		{CC391E3E-9137-4857-85DC-C4CF6DF37584}.Release without WIC|x64.ActiveCfg = Release|x64
		{CC391E3E-9137-4857-85DC-C4CF6DF37584}.Release without WIC|x64.Build.0 = Release|x64
		{CC391E3E-9137-4857-85DC-C4CF6DF37584}.Release without WIC|x86.ActiveCfg = Release|Any CPU
		{CC391E3E-9137-4857-85DC-C4CF6DF37584}.Release without WIC|x86.Build.0 = Release|Any CPU
		{CC391E3E-9137-4857-85DC-C4CF6DF37584}.Release_86|Any CPU.ActiveCfg = Debug|Any CPU
		{CC391E3E-9137-4857-85DC-C4CF6DF37584}.Release_86|Any CPU.Build.0 = Debug|Any CPU
		{CC391E3E-9137-4857-85DC-C4CF6DF37584}.Release_86|x64.ActiveCfg = Release|x64
		{CC391E3E-9137-4857-85DC-C4CF6DF37584}.Release_86|x64.Build.0 = Release|x64
		{CC391E3E-9137-4857-85DC-C4CF6DF37584}.Release_86|x86.ActiveCfg = Release|Any CPU
		{CC391E3E-9137-4857-85DC-C4CF6DF37584}.Release_86|x86.Build.0 = Release|Any CPU
		{CC391E3E-9137-4857-85DC-C4CF6DF37584}.Release|Any CPU.ActiveCfg = Release|Any CPU
		{CC391E3E-9137-4857-85DC-C4CF6DF37584}.Release|Any CPU.Build.0 = Release|Any CPU
		{CC391E3E-9137-4857-85DC-C4CF6DF37584}.Release|x64.ActiveCfg = Release|x64
		{CC391E3E-9137-4857-85DC-C4CF6DF37584}.Release|x64.Build.0 = Release|x64
		{CC391E3E-9137-4857-85DC-C4CF6DF37584}.Release|x86.ActiveCfg = Release|x86
		{CC391E3E-9137-4857-85DC-C4CF6DF37584}.Release|x86.Build.0 = Release|x86
		{886DC568-C83E-443E-89FA-84CF420B2C68}.Debug Designer|Any CPU.ActiveCfg = Debug|Any CPU
		{886DC568-C83E-443E-89FA-84CF420B2C68}.Debug Designer|Any CPU.Build.0 = Debug|Any CPU
		{886DC568-C83E-443E-89FA-84CF420B2C68}.Debug Designer|x64.ActiveCfg = Debug|x64
		{886DC568-C83E-443E-89FA-84CF420B2C68}.Debug Designer|x64.Build.0 = Debug|x64
		{886DC568-C83E-443E-89FA-84CF420B2C68}.Debug Designer|x86.ActiveCfg = Debug|Any CPU
		{886DC568-C83E-443E-89FA-84CF420B2C68}.Debug Designer|x86.Build.0 = Debug|Any CPU
		{886DC568-C83E-443E-89FA-84CF420B2C68}.Debug|Any CPU.ActiveCfg = Debug|Any CPU
		{886DC568-C83E-443E-89FA-84CF420B2C68}.Debug|Any CPU.Build.0 = Debug|Any CPU
		{886DC568-C83E-443E-89FA-84CF420B2C68}.Debug|x64.ActiveCfg = Debug|x64
		{886DC568-C83E-443E-89FA-84CF420B2C68}.Debug|x64.Build.0 = Debug|x64
		{886DC568-C83E-443E-89FA-84CF420B2C68}.Debug|x86.ActiveCfg = Debug|x86
		{886DC568-C83E-443E-89FA-84CF420B2C68}.Debug|x86.Build.0 = Debug|x86
		{886DC568-C83E-443E-89FA-84CF420B2C68}.Release without WIC|Any CPU.ActiveCfg = Release|Any CPU
		{886DC568-C83E-443E-89FA-84CF420B2C68}.Release without WIC|Any CPU.Build.0 = Release|Any CPU
		{886DC568-C83E-443E-89FA-84CF420B2C68}.Release without WIC|x64.ActiveCfg = Release|x64
		{886DC568-C83E-443E-89FA-84CF420B2C68}.Release without WIC|x64.Build.0 = Release|x64
		{886DC568-C83E-443E-89FA-84CF420B2C68}.Release without WIC|x86.ActiveCfg = Release|Any CPU
		{886DC568-C83E-443E-89FA-84CF420B2C68}.Release without WIC|x86.Build.0 = Release|Any CPU
		{886DC568-C83E-443E-89FA-84CF420B2C68}.Release_86|Any CPU.ActiveCfg = Release|Any CPU
		{886DC568-C83E-443E-89FA-84CF420B2C68}.Release_86|Any CPU.Build.0 = Release|Any CPU
		{886DC568-C83E-443E-89FA-84CF420B2C68}.Release_86|x64.ActiveCfg = Release|x64
		{886DC568-C83E-443E-89FA-84CF420B2C68}.Release_86|x64.Build.0 = Release|x64
		{886DC568-C83E-443E-89FA-84CF420B2C68}.Release_86|x86.ActiveCfg = Release|Any CPU
		{886DC568-C83E-443E-89FA-84CF420B2C68}.Release_86|x86.Build.0 = Release|Any CPU
		{886DC568-C83E-443E-89FA-84CF420B2C68}.Release|Any CPU.ActiveCfg = Release|Any CPU
		{886DC568-C83E-443E-89FA-84CF420B2C68}.Release|Any CPU.Build.0 = Release|Any CPU
		{886DC568-C83E-443E-89FA-84CF420B2C68}.Release|x64.ActiveCfg = Release|Any CPU
		{886DC568-C83E-443E-89FA-84CF420B2C68}.Release|x64.Build.0 = Release|Any CPU
		{886DC568-C83E-443E-89FA-84CF420B2C68}.Release|x86.ActiveCfg = Release|Any CPU
		{886DC568-C83E-443E-89FA-84CF420B2C68}.Release|x86.Build.0 = Release|Any CPU
		{63E3171F-D36E-4100-9C55-21D277B8530C}.Debug Designer|Any CPU.ActiveCfg = Debug|Any CPU
		{63E3171F-D36E-4100-9C55-21D277B8530C}.Debug Designer|Any CPU.Build.0 = Debug|Any CPU
		{63E3171F-D36E-4100-9C55-21D277B8530C}.Debug Designer|x64.ActiveCfg = Debug|x64
		{63E3171F-D36E-4100-9C55-21D277B8530C}.Debug Designer|x64.Build.0 = Debug|x64
		{63E3171F-D36E-4100-9C55-21D277B8530C}.Debug Designer|x86.ActiveCfg = Debug|Any CPU
		{63E3171F-D36E-4100-9C55-21D277B8530C}.Debug Designer|x86.Build.0 = Debug|Any CPU
		{63E3171F-D36E-4100-9C55-21D277B8530C}.Debug|Any CPU.ActiveCfg = Debug|Any CPU
		{63E3171F-D36E-4100-9C55-21D277B8530C}.Debug|Any CPU.Build.0 = Debug|Any CPU
		{63E3171F-D36E-4100-9C55-21D277B8530C}.Debug|x64.ActiveCfg = Debug|x64
		{63E3171F-D36E-4100-9C55-21D277B8530C}.Debug|x64.Build.0 = Debug|x64
		{63E3171F-D36E-4100-9C55-21D277B8530C}.Debug|x86.ActiveCfg = Debug|x86
		{63E3171F-D36E-4100-9C55-21D277B8530C}.Debug|x86.Build.0 = Debug|x86
		{63E3171F-D36E-4100-9C55-21D277B8530C}.Release without WIC|Any CPU.ActiveCfg = Debug|Any CPU
		{63E3171F-D36E-4100-9C55-21D277B8530C}.Release without WIC|Any CPU.Build.0 = Debug|Any CPU
		{63E3171F-D36E-4100-9C55-21D277B8530C}.Release without WIC|x64.ActiveCfg = Release|x64
		{63E3171F-D36E-4100-9C55-21D277B8530C}.Release without WIC|x64.Build.0 = Release|x64
		{63E3171F-D36E-4100-9C55-21D277B8530C}.Release without WIC|x86.ActiveCfg = Release|Any CPU
		{63E3171F-D36E-4100-9C55-21D277B8530C}.Release without WIC|x86.Build.0 = Release|Any CPU
		{63E3171F-D36E-4100-9C55-21D277B8530C}.Release_86|Any CPU.ActiveCfg = Debug|Any CPU
		{63E3171F-D36E-4100-9C55-21D277B8530C}.Release_86|Any CPU.Build.0 = Debug|Any CPU
		{63E3171F-D36E-4100-9C55-21D277B8530C}.Release_86|x64.ActiveCfg = Release|x64
		{63E3171F-D36E-4100-9C55-21D277B8530C}.Release_86|x64.Build.0 = Release|x64
		{63E3171F-D36E-4100-9C55-21D277B8530C}.Release_86|x86.ActiveCfg = Release|Any CPU
		{63E3171F-D36E-4100-9C55-21D277B8530C}.Release_86|x86.Build.0 = Release|Any CPU
		{63E3171F-D36E-4100-9C55-21D277B8530C}.Release|Any CPU.ActiveCfg = Release|Any CPU
		{63E3171F-D36E-4100-9C55-21D277B8530C}.Release|Any CPU.Build.0 = Release|Any CPU
		{63E3171F-D36E-4100-9C55-21D277B8530C}.Release|x64.ActiveCfg = Release|x64
		{63E3171F-D36E-4100-9C55-21D277B8530C}.Release|x64.Build.0 = Release|x64
		{63E3171F-D36E-4100-9C55-21D277B8530C}.Release|x86.ActiveCfg = Release|x86
		{63E3171F-D36E-4100-9C55-21D277B8530C}.Release|x86.Build.0 = Release|x86
		{4BB719ED-B68B-4CB1-AAAF-BA0E3BC5FE81}.Debug Designer|Any CPU.ActiveCfg = Debug|Any CPU
		{4BB719ED-B68B-4CB1-AAAF-BA0E3BC5FE81}.Debug Designer|Any CPU.Build.0 = Debug|Any CPU
		{4BB719ED-B68B-4CB1-AAAF-BA0E3BC5FE81}.Debug Designer|x64.ActiveCfg = Debug|Any CPU
		{4BB719ED-B68B-4CB1-AAAF-BA0E3BC5FE81}.Debug Designer|x64.Build.0 = Debug|Any CPU
		{4BB719ED-B68B-4CB1-AAAF-BA0E3BC5FE81}.Debug Designer|x86.ActiveCfg = Debug|Any CPU
		{4BB719ED-B68B-4CB1-AAAF-BA0E3BC5FE81}.Debug Designer|x86.Build.0 = Debug|Any CPU
		{4BB719ED-B68B-4CB1-AAAF-BA0E3BC5FE81}.Debug|Any CPU.ActiveCfg = Debug|Any CPU
		{4BB719ED-B68B-4CB1-AAAF-BA0E3BC5FE81}.Debug|Any CPU.Build.0 = Debug|Any CPU
		{4BB719ED-B68B-4CB1-AAAF-BA0E3BC5FE81}.Debug|x64.ActiveCfg = Debug|x64
		{4BB719ED-B68B-4CB1-AAAF-BA0E3BC5FE81}.Debug|x64.Build.0 = Debug|x64
		{4BB719ED-B68B-4CB1-AAAF-BA0E3BC5FE81}.Debug|x86.ActiveCfg = Debug|x86
		{4BB719ED-B68B-4CB1-AAAF-BA0E3BC5FE81}.Debug|x86.Build.0 = Debug|x86
		{4BB719ED-B68B-4CB1-AAAF-BA0E3BC5FE81}.Release without WIC|Any CPU.ActiveCfg = Debug|Any CPU
		{4BB719ED-B68B-4CB1-AAAF-BA0E3BC5FE81}.Release without WIC|Any CPU.Build.0 = Debug|Any CPU
		{4BB719ED-B68B-4CB1-AAAF-BA0E3BC5FE81}.Release without WIC|x64.ActiveCfg = Release|x64
		{4BB719ED-B68B-4CB1-AAAF-BA0E3BC5FE81}.Release without WIC|x64.Build.0 = Release|x64
		{4BB719ED-B68B-4CB1-AAAF-BA0E3BC5FE81}.Release without WIC|x86.ActiveCfg = Release|Any CPU
		{4BB719ED-B68B-4CB1-AAAF-BA0E3BC5FE81}.Release without WIC|x86.Build.0 = Release|Any CPU
		{4BB719ED-B68B-4CB1-AAAF-BA0E3BC5FE81}.Release_86|Any CPU.ActiveCfg = Debug|Any CPU
		{4BB719ED-B68B-4CB1-AAAF-BA0E3BC5FE81}.Release_86|Any CPU.Build.0 = Debug|Any CPU
		{4BB719ED-B68B-4CB1-AAAF-BA0E3BC5FE81}.Release_86|x64.ActiveCfg = Release|x64
		{4BB719ED-B68B-4CB1-AAAF-BA0E3BC5FE81}.Release_86|x64.Build.0 = Release|x64
		{4BB719ED-B68B-4CB1-AAAF-BA0E3BC5FE81}.Release_86|x86.ActiveCfg = Release|Any CPU
		{4BB719ED-B68B-4CB1-AAAF-BA0E3BC5FE81}.Release_86|x86.Build.0 = Release|Any CPU
		{4BB719ED-B68B-4CB1-AAAF-BA0E3BC5FE81}.Release|Any CPU.ActiveCfg = Release|Any CPU
		{4BB719ED-B68B-4CB1-AAAF-BA0E3BC5FE81}.Release|Any CPU.Build.0 = Release|Any CPU
		{4BB719ED-B68B-4CB1-AAAF-BA0E3BC5FE81}.Release|x64.ActiveCfg = Release|Any CPU
		{4BB719ED-B68B-4CB1-AAAF-BA0E3BC5FE81}.Release|x64.Build.0 = Release|Any CPU
		{4BB719ED-B68B-4CB1-AAAF-BA0E3BC5FE81}.Release|x86.ActiveCfg = Release|Any CPU
		{4BB719ED-B68B-4CB1-AAAF-BA0E3BC5FE81}.Release|x86.Build.0 = Release|Any CPU
		{4159C8D3-C18D-4BED-8BE6-9BAD1B0CA4F6}.Debug Designer|Any CPU.ActiveCfg = Debug|Any CPU
		{4159C8D3-C18D-4BED-8BE6-9BAD1B0CA4F6}.Debug Designer|Any CPU.Build.0 = Debug|Any CPU
		{4159C8D3-C18D-4BED-8BE6-9BAD1B0CA4F6}.Debug Designer|x64.ActiveCfg = Debug|Any CPU
		{4159C8D3-C18D-4BED-8BE6-9BAD1B0CA4F6}.Debug Designer|x64.Build.0 = Debug|Any CPU
		{4159C8D3-C18D-4BED-8BE6-9BAD1B0CA4F6}.Debug Designer|x86.ActiveCfg = Debug|Any CPU
		{4159C8D3-C18D-4BED-8BE6-9BAD1B0CA4F6}.Debug Designer|x86.Build.0 = Debug|Any CPU
		{4159C8D3-C18D-4BED-8BE6-9BAD1B0CA4F6}.Debug|Any CPU.ActiveCfg = Debug|Any CPU
		{4159C8D3-C18D-4BED-8BE6-9BAD1B0CA4F6}.Debug|Any CPU.Build.0 = Debug|Any CPU
		{4159C8D3-C18D-4BED-8BE6-9BAD1B0CA4F6}.Debug|x64.ActiveCfg = Debug|x64
		{4159C8D3-C18D-4BED-8BE6-9BAD1B0CA4F6}.Debug|x64.Build.0 = Debug|x64
		{4159C8D3-C18D-4BED-8BE6-9BAD1B0CA4F6}.Debug|x86.ActiveCfg = Debug|x86
		{4159C8D3-C18D-4BED-8BE6-9BAD1B0CA4F6}.Debug|x86.Build.0 = Debug|x86
		{4159C8D3-C18D-4BED-8BE6-9BAD1B0CA4F6}.Release without WIC|Any CPU.ActiveCfg = Debug|Any CPU
		{4159C8D3-C18D-4BED-8BE6-9BAD1B0CA4F6}.Release without WIC|Any CPU.Build.0 = Debug|Any CPU
		{4159C8D3-C18D-4BED-8BE6-9BAD1B0CA4F6}.Release without WIC|x64.ActiveCfg = Release|Any CPU
		{4159C8D3-C18D-4BED-8BE6-9BAD1B0CA4F6}.Release without WIC|x64.Build.0 = Release|Any CPU
		{4159C8D3-C18D-4BED-8BE6-9BAD1B0CA4F6}.Release without WIC|x86.ActiveCfg = Release|Any CPU
		{4159C8D3-C18D-4BED-8BE6-9BAD1B0CA4F6}.Release without WIC|x86.Build.0 = Release|Any CPU
		{4159C8D3-C18D-4BED-8BE6-9BAD1B0CA4F6}.Release_86|Any CPU.ActiveCfg = Debug|Any CPU
		{4159C8D3-C18D-4BED-8BE6-9BAD1B0CA4F6}.Release_86|Any CPU.Build.0 = Debug|Any CPU
		{4159C8D3-C18D-4BED-8BE6-9BAD1B0CA4F6}.Release_86|x64.ActiveCfg = Release|Any CPU
		{4159C8D3-C18D-4BED-8BE6-9BAD1B0CA4F6}.Release_86|x64.Build.0 = Release|Any CPU
		{4159C8D3-C18D-4BED-8BE6-9BAD1B0CA4F6}.Release_86|x86.ActiveCfg = Release|Any CPU
		{4159C8D3-C18D-4BED-8BE6-9BAD1B0CA4F6}.Release_86|x86.Build.0 = Release|Any CPU
		{4159C8D3-C18D-4BED-8BE6-9BAD1B0CA4F6}.Release|Any CPU.ActiveCfg = Release|Any CPU
		{4159C8D3-C18D-4BED-8BE6-9BAD1B0CA4F6}.Release|Any CPU.Build.0 = Release|Any CPU
		{4159C8D3-C18D-4BED-8BE6-9BAD1B0CA4F6}.Release|x64.ActiveCfg = Release|Any CPU
		{4159C8D3-C18D-4BED-8BE6-9BAD1B0CA4F6}.Release|x64.Build.0 = Release|Any CPU
		{4159C8D3-C18D-4BED-8BE6-9BAD1B0CA4F6}.Release|x86.ActiveCfg = Release|Any CPU
		{4159C8D3-C18D-4BED-8BE6-9BAD1B0CA4F6}.Release|x86.Build.0 = Release|Any CPU
		{0C295FB8-C6C6-4A40-9F19-05A43F353A04}.Debug Designer|Any CPU.ActiveCfg = Debug|Any CPU
		{0C295FB8-C6C6-4A40-9F19-05A43F353A04}.Debug Designer|Any CPU.Build.0 = Debug|Any CPU
		{0C295FB8-C6C6-4A40-9F19-05A43F353A04}.Debug Designer|x64.ActiveCfg = Debug Designer|Any CPU
		{0C295FB8-C6C6-4A40-9F19-05A43F353A04}.Debug Designer|x64.Build.0 = Debug Designer|Any CPU
		{0C295FB8-C6C6-4A40-9F19-05A43F353A04}.Debug Designer|x86.ActiveCfg = Debug Designer|Any CPU
		{0C295FB8-C6C6-4A40-9F19-05A43F353A04}.Debug Designer|x86.Build.0 = Debug Designer|Any CPU
		{0C295FB8-C6C6-4A40-9F19-05A43F353A04}.Debug|Any CPU.ActiveCfg = Debug|Any CPU
		{0C295FB8-C6C6-4A40-9F19-05A43F353A04}.Debug|Any CPU.Build.0 = Debug|Any CPU
		{0C295FB8-C6C6-4A40-9F19-05A43F353A04}.Debug|x64.ActiveCfg = Debug|x64
		{0C295FB8-C6C6-4A40-9F19-05A43F353A04}.Debug|x64.Build.0 = Debug|x64
		{0C295FB8-C6C6-4A40-9F19-05A43F353A04}.Debug|x86.ActiveCfg = Debug|x86
		{0C295FB8-C6C6-4A40-9F19-05A43F353A04}.Debug|x86.Build.0 = Debug|x86
		{0C295FB8-C6C6-4A40-9F19-05A43F353A04}.Release without WIC|Any CPU.ActiveCfg = Debug|Any CPU
		{0C295FB8-C6C6-4A40-9F19-05A43F353A04}.Release without WIC|Any CPU.Build.0 = Debug|Any CPU
		{0C295FB8-C6C6-4A40-9F19-05A43F353A04}.Release without WIC|x64.ActiveCfg = Release without WIC|Any CPU
		{0C295FB8-C6C6-4A40-9F19-05A43F353A04}.Release without WIC|x64.Build.0 = Release without WIC|Any CPU
		{0C295FB8-C6C6-4A40-9F19-05A43F353A04}.Release without WIC|x86.ActiveCfg = Release without WIC|Any CPU
		{0C295FB8-C6C6-4A40-9F19-05A43F353A04}.Release without WIC|x86.Build.0 = Release without WIC|Any CPU
		{0C295FB8-C6C6-4A40-9F19-05A43F353A04}.Release_86|Any CPU.ActiveCfg = Debug|Any CPU
		{0C295FB8-C6C6-4A40-9F19-05A43F353A04}.Release_86|Any CPU.Build.0 = Debug|Any CPU
		{0C295FB8-C6C6-4A40-9F19-05A43F353A04}.Release_86|x64.ActiveCfg = Release|Any CPU
		{0C295FB8-C6C6-4A40-9F19-05A43F353A04}.Release_86|x64.Build.0 = Release|Any CPU
		{0C295FB8-C6C6-4A40-9F19-05A43F353A04}.Release_86|x86.ActiveCfg = Release|Any CPU
		{0C295FB8-C6C6-4A40-9F19-05A43F353A04}.Release_86|x86.Build.0 = Release|Any CPU
		{0C295FB8-C6C6-4A40-9F19-05A43F353A04}.Release|Any CPU.ActiveCfg = Release|Any CPU
		{0C295FB8-C6C6-4A40-9F19-05A43F353A04}.Release|Any CPU.Build.0 = Release|Any CPU
		{0C295FB8-C6C6-4A40-9F19-05A43F353A04}.Release|x64.ActiveCfg = Release|Any CPU
		{0C295FB8-C6C6-4A40-9F19-05A43F353A04}.Release|x64.Build.0 = Release|Any CPU
		{0C295FB8-C6C6-4A40-9F19-05A43F353A04}.Release|x86.ActiveCfg = Release|Any CPU
		{0C295FB8-C6C6-4A40-9F19-05A43F353A04}.Release|x86.Build.0 = Release|Any CPU
		{E1B466B0-8ECE-4D5C-807A-600AAE97BEC7}.Debug Designer|Any CPU.ActiveCfg = Debug|Any CPU
		{E1B466B0-8ECE-4D5C-807A-600AAE97BEC7}.Debug Designer|Any CPU.Build.0 = Debug|Any CPU
		{E1B466B0-8ECE-4D5C-807A-600AAE97BEC7}.Debug Designer|x64.ActiveCfg = Debug|Any CPU
		{E1B466B0-8ECE-4D5C-807A-600AAE97BEC7}.Debug Designer|x64.Build.0 = Debug|Any CPU
		{E1B466B0-8ECE-4D5C-807A-600AAE97BEC7}.Debug Designer|x86.ActiveCfg = Debug|Any CPU
		{E1B466B0-8ECE-4D5C-807A-600AAE97BEC7}.Debug Designer|x86.Build.0 = Debug|Any CPU
		{E1B466B0-8ECE-4D5C-807A-600AAE97BEC7}.Debug|Any CPU.ActiveCfg = Debug|Any CPU
		{E1B466B0-8ECE-4D5C-807A-600AAE97BEC7}.Debug|Any CPU.Build.0 = Debug|Any CPU
		{E1B466B0-8ECE-4D5C-807A-600AAE97BEC7}.Debug|x64.ActiveCfg = Debug|x64
		{E1B466B0-8ECE-4D5C-807A-600AAE97BEC7}.Debug|x64.Build.0 = Debug|x64
		{E1B466B0-8ECE-4D5C-807A-600AAE97BEC7}.Debug|x86.ActiveCfg = Debug|x86
		{E1B466B0-8ECE-4D5C-807A-600AAE97BEC7}.Debug|x86.Build.0 = Debug|x86
		{E1B466B0-8ECE-4D5C-807A-600AAE97BEC7}.Release without WIC|Any CPU.ActiveCfg = Debug|Any CPU
		{E1B466B0-8ECE-4D5C-807A-600AAE97BEC7}.Release without WIC|Any CPU.Build.0 = Debug|Any CPU
		{E1B466B0-8ECE-4D5C-807A-600AAE97BEC7}.Release without WIC|x64.ActiveCfg = Release|Any CPU
		{E1B466B0-8ECE-4D5C-807A-600AAE97BEC7}.Release without WIC|x64.Build.0 = Release|Any CPU
		{E1B466B0-8ECE-4D5C-807A-600AAE97BEC7}.Release without WIC|x86.ActiveCfg = Release|Any CPU
		{E1B466B0-8ECE-4D5C-807A-600AAE97BEC7}.Release without WIC|x86.Build.0 = Release|Any CPU
		{E1B466B0-8ECE-4D5C-807A-600AAE97BEC7}.Release_86|Any CPU.ActiveCfg = Debug|Any CPU
		{E1B466B0-8ECE-4D5C-807A-600AAE97BEC7}.Release_86|Any CPU.Build.0 = Debug|Any CPU
		{E1B466B0-8ECE-4D5C-807A-600AAE97BEC7}.Release_86|x64.ActiveCfg = Release|Any CPU
		{E1B466B0-8ECE-4D5C-807A-600AAE97BEC7}.Release_86|x64.Build.0 = Release|Any CPU
		{E1B466B0-8ECE-4D5C-807A-600AAE97BEC7}.Release_86|x86.ActiveCfg = Release|Any CPU
		{E1B466B0-8ECE-4D5C-807A-600AAE97BEC7}.Release_86|x86.Build.0 = Release|Any CPU
		{E1B466B0-8ECE-4D5C-807A-600AAE97BEC7}.Release|Any CPU.ActiveCfg = Release|Any CPU
		{E1B466B0-8ECE-4D5C-807A-600AAE97BEC7}.Release|Any CPU.Build.0 = Release|Any CPU
		{E1B466B0-8ECE-4D5C-807A-600AAE97BEC7}.Release|x64.ActiveCfg = Release|x64
		{E1B466B0-8ECE-4D5C-807A-600AAE97BEC7}.Release|x64.Build.0 = Release|x64
		{E1B466B0-8ECE-4D5C-807A-600AAE97BEC7}.Release|x86.ActiveCfg = Release|x86
		{E1B466B0-8ECE-4D5C-807A-600AAE97BEC7}.Release|x86.Build.0 = Release|x86
		{51493B09-7A0E-461F-BE18-A6CF629A8FAB}.Debug Designer|Any CPU.ActiveCfg = Debug|Any CPU
		{51493B09-7A0E-461F-BE18-A6CF629A8FAB}.Debug Designer|Any CPU.Build.0 = Debug|Any CPU
		{51493B09-7A0E-461F-BE18-A6CF629A8FAB}.Debug Designer|x64.ActiveCfg = Debug|Any CPU
		{51493B09-7A0E-461F-BE18-A6CF629A8FAB}.Debug Designer|x64.Build.0 = Debug|Any CPU
		{51493B09-7A0E-461F-BE18-A6CF629A8FAB}.Debug Designer|x86.ActiveCfg = Debug|Any CPU
		{51493B09-7A0E-461F-BE18-A6CF629A8FAB}.Debug Designer|x86.Build.0 = Debug|Any CPU
		{51493B09-7A0E-461F-BE18-A6CF629A8FAB}.Debug|Any CPU.ActiveCfg = Debug|Any CPU
		{51493B09-7A0E-461F-BE18-A6CF629A8FAB}.Debug|Any CPU.Build.0 = Debug|Any CPU
		{51493B09-7A0E-461F-BE18-A6CF629A8FAB}.Debug|x64.ActiveCfg = Debug|x64
		{51493B09-7A0E-461F-BE18-A6CF629A8FAB}.Debug|x64.Build.0 = Debug|x64
		{51493B09-7A0E-461F-BE18-A6CF629A8FAB}.Debug|x86.ActiveCfg = Debug|x86
		{51493B09-7A0E-461F-BE18-A6CF629A8FAB}.Debug|x86.Build.0 = Debug|x86
		{51493B09-7A0E-461F-BE18-A6CF629A8FAB}.Release without WIC|Any CPU.ActiveCfg = Debug|Any CPU
		{51493B09-7A0E-461F-BE18-A6CF629A8FAB}.Release without WIC|Any CPU.Build.0 = Debug|Any CPU
		{51493B09-7A0E-461F-BE18-A6CF629A8FAB}.Release without WIC|x64.ActiveCfg = Release|Any CPU
		{51493B09-7A0E-461F-BE18-A6CF629A8FAB}.Release without WIC|x64.Build.0 = Release|Any CPU
		{51493B09-7A0E-461F-BE18-A6CF629A8FAB}.Release without WIC|x86.ActiveCfg = Release|Any CPU
		{51493B09-7A0E-461F-BE18-A6CF629A8FAB}.Release without WIC|x86.Build.0 = Release|Any CPU
		{51493B09-7A0E-461F-BE18-A6CF629A8FAB}.Release_86|Any CPU.ActiveCfg = Debug|Any CPU
		{51493B09-7A0E-461F-BE18-A6CF629A8FAB}.Release_86|Any CPU.Build.0 = Debug|Any CPU
		{51493B09-7A0E-461F-BE18-A6CF629A8FAB}.Release_86|x64.ActiveCfg = Release|Any CPU
		{51493B09-7A0E-461F-BE18-A6CF629A8FAB}.Release_86|x64.Build.0 = Release|Any CPU
		{51493B09-7A0E-461F-BE18-A6CF629A8FAB}.Release_86|x86.ActiveCfg = Release|Any CPU
		{51493B09-7A0E-461F-BE18-A6CF629A8FAB}.Release_86|x86.Build.0 = Release|Any CPU
		{51493B09-7A0E-461F-BE18-A6CF629A8FAB}.Release|Any CPU.ActiveCfg = Release|Any CPU
		{51493B09-7A0E-461F-BE18-A6CF629A8FAB}.Release|Any CPU.Build.0 = Release|Any CPU
		{51493B09-7A0E-461F-BE18-A6CF629A8FAB}.Release|x64.ActiveCfg = Release|Any CPU
		{51493B09-7A0E-461F-BE18-A6CF629A8FAB}.Release|x64.Build.0 = Release|Any CPU
		{51493B09-7A0E-461F-BE18-A6CF629A8FAB}.Release|x86.ActiveCfg = Release|Any CPU
		{51493B09-7A0E-461F-BE18-A6CF629A8FAB}.Release|x86.Build.0 = Release|Any CPU
		{4BAD780F-8071-4034-9020-ECC9F4352422}.Debug Designer|Any CPU.ActiveCfg = Debug|Any CPU
		{4BAD780F-8071-4034-9020-ECC9F4352422}.Debug Designer|Any CPU.Build.0 = Debug|Any CPU
		{4BAD780F-8071-4034-9020-ECC9F4352422}.Debug Designer|x64.ActiveCfg = Debug|Any CPU
		{4BAD780F-8071-4034-9020-ECC9F4352422}.Debug Designer|x64.Build.0 = Debug|Any CPU
		{4BAD780F-8071-4034-9020-ECC9F4352422}.Debug Designer|x86.ActiveCfg = Debug|Any CPU
		{4BAD780F-8071-4034-9020-ECC9F4352422}.Debug Designer|x86.Build.0 = Debug|Any CPU
		{4BAD780F-8071-4034-9020-ECC9F4352422}.Debug|Any CPU.ActiveCfg = Debug|Any CPU
		{4BAD780F-8071-4034-9020-ECC9F4352422}.Debug|Any CPU.Build.0 = Debug|Any CPU
		{4BAD780F-8071-4034-9020-ECC9F4352422}.Debug|x64.ActiveCfg = Debug|x64
		{4BAD780F-8071-4034-9020-ECC9F4352422}.Debug|x64.Build.0 = Debug|x64
		{4BAD780F-8071-4034-9020-ECC9F4352422}.Debug|x86.ActiveCfg = Debug|x86
		{4BAD780F-8071-4034-9020-ECC9F4352422}.Debug|x86.Build.0 = Debug|x86
		{4BAD780F-8071-4034-9020-ECC9F4352422}.Release without WIC|Any CPU.ActiveCfg = Debug|Any CPU
		{4BAD780F-8071-4034-9020-ECC9F4352422}.Release without WIC|Any CPU.Build.0 = Debug|Any CPU
		{4BAD780F-8071-4034-9020-ECC9F4352422}.Release without WIC|x64.ActiveCfg = Release|Any CPU
		{4BAD780F-8071-4034-9020-ECC9F4352422}.Release without WIC|x64.Build.0 = Release|Any CPU
		{4BAD780F-8071-4034-9020-ECC9F4352422}.Release without WIC|x86.ActiveCfg = Release|Any CPU
		{4BAD780F-8071-4034-9020-ECC9F4352422}.Release without WIC|x86.Build.0 = Release|Any CPU
		{4BAD780F-8071-4034-9020-ECC9F4352422}.Release_86|Any CPU.ActiveCfg = Debug|Any CPU
		{4BAD780F-8071-4034-9020-ECC9F4352422}.Release_86|Any CPU.Build.0 = Debug|Any CPU
		{4BAD780F-8071-4034-9020-ECC9F4352422}.Release_86|x64.ActiveCfg = Release|Any CPU
		{4BAD780F-8071-4034-9020-ECC9F4352422}.Release_86|x64.Build.0 = Release|Any CPU
		{4BAD780F-8071-4034-9020-ECC9F4352422}.Release_86|x86.ActiveCfg = Release|Any CPU
		{4BAD780F-8071-4034-9020-ECC9F4352422}.Release_86|x86.Build.0 = Release|Any CPU
		{4BAD780F-8071-4034-9020-ECC9F4352422}.Release|Any CPU.ActiveCfg = Release|Any CPU
		{4BAD780F-8071-4034-9020-ECC9F4352422}.Release|Any CPU.Build.0 = Release|Any CPU
		{4BAD780F-8071-4034-9020-ECC9F4352422}.Release|x64.ActiveCfg = Release|Any CPU
		{4BAD780F-8071-4034-9020-ECC9F4352422}.Release|x64.Build.0 = Release|Any CPU
		{4BAD780F-8071-4034-9020-ECC9F4352422}.Release|x86.ActiveCfg = Release|Any CPU
		{4BAD780F-8071-4034-9020-ECC9F4352422}.Release|x86.Build.0 = Release|Any CPU
		{6CC96A70-6773-41B5-9FCA-4F0AB6FAD8CA}.Debug Designer|Any CPU.ActiveCfg = Debug|Any CPU
		{6CC96A70-6773-41B5-9FCA-4F0AB6FAD8CA}.Debug Designer|Any CPU.Build.0 = Debug|Any CPU
		{6CC96A70-6773-41B5-9FCA-4F0AB6FAD8CA}.Debug Designer|x64.ActiveCfg = Debug|Any CPU
		{6CC96A70-6773-41B5-9FCA-4F0AB6FAD8CA}.Debug Designer|x64.Build.0 = Debug|Any CPU
		{6CC96A70-6773-41B5-9FCA-4F0AB6FAD8CA}.Debug Designer|x86.ActiveCfg = Debug|Any CPU
		{6CC96A70-6773-41B5-9FCA-4F0AB6FAD8CA}.Debug Designer|x86.Build.0 = Debug|Any CPU
		{6CC96A70-6773-41B5-9FCA-4F0AB6FAD8CA}.Debug|Any CPU.ActiveCfg = Debug|Any CPU
		{6CC96A70-6773-41B5-9FCA-4F0AB6FAD8CA}.Debug|Any CPU.Build.0 = Debug|Any CPU
		{6CC96A70-6773-41B5-9FCA-4F0AB6FAD8CA}.Debug|x64.ActiveCfg = Debug|x64
		{6CC96A70-6773-41B5-9FCA-4F0AB6FAD8CA}.Debug|x64.Build.0 = Debug|x64
		{6CC96A70-6773-41B5-9FCA-4F0AB6FAD8CA}.Debug|x86.ActiveCfg = Debug|x86
		{6CC96A70-6773-41B5-9FCA-4F0AB6FAD8CA}.Debug|x86.Build.0 = Debug|x86
		{6CC96A70-6773-41B5-9FCA-4F0AB6FAD8CA}.Release without WIC|Any CPU.ActiveCfg = Release|Any CPU
		{6CC96A70-6773-41B5-9FCA-4F0AB6FAD8CA}.Release without WIC|Any CPU.Build.0 = Release|Any CPU
		{6CC96A70-6773-41B5-9FCA-4F0AB6FAD8CA}.Release without WIC|x64.ActiveCfg = Release|Any CPU
		{6CC96A70-6773-41B5-9FCA-4F0AB6FAD8CA}.Release without WIC|x64.Build.0 = Release|Any CPU
		{6CC96A70-6773-41B5-9FCA-4F0AB6FAD8CA}.Release without WIC|x86.ActiveCfg = Release|Any CPU
		{6CC96A70-6773-41B5-9FCA-4F0AB6FAD8CA}.Release without WIC|x86.Build.0 = Release|Any CPU
		{6CC96A70-6773-41B5-9FCA-4F0AB6FAD8CA}.Release_86|Any CPU.ActiveCfg = Release|Any CPU
		{6CC96A70-6773-41B5-9FCA-4F0AB6FAD8CA}.Release_86|Any CPU.Build.0 = Release|Any CPU
		{6CC96A70-6773-41B5-9FCA-4F0AB6FAD8CA}.Release_86|x64.ActiveCfg = Release|Any CPU
		{6CC96A70-6773-41B5-9FCA-4F0AB6FAD8CA}.Release_86|x64.Build.0 = Release|Any CPU
		{6CC96A70-6773-41B5-9FCA-4F0AB6FAD8CA}.Release_86|x86.ActiveCfg = Release|Any CPU
		{6CC96A70-6773-41B5-9FCA-4F0AB6FAD8CA}.Release_86|x86.Build.0 = Release|Any CPU
		{6CC96A70-6773-41B5-9FCA-4F0AB6FAD8CA}.Release|Any CPU.ActiveCfg = Release|Any CPU
		{6CC96A70-6773-41B5-9FCA-4F0AB6FAD8CA}.Release|Any CPU.Build.0 = Release|Any CPU
		{6CC96A70-6773-41B5-9FCA-4F0AB6FAD8CA}.Release|x64.ActiveCfg = Release|Any CPU
		{6CC96A70-6773-41B5-9FCA-4F0AB6FAD8CA}.Release|x64.Build.0 = Release|Any CPU
		{6CC96A70-6773-41B5-9FCA-4F0AB6FAD8CA}.Release|x86.ActiveCfg = Release|Any CPU
		{6CC96A70-6773-41B5-9FCA-4F0AB6FAD8CA}.Release|x86.Build.0 = Release|Any CPU
	EndGlobalSection
	GlobalSection(SolutionProperties) = preSolution
		HideSolutionNode = FALSE
	EndGlobalSection
	GlobalSection(NestedProjects) = preSolution
		{76486F88-AA16-4D7D-BBF6-0F1C604D5853} = {F5248B7E-8B93-4926-9A60-7208F759CAFC}
		{CC391E3E-9137-4857-85DC-C4CF6DF37584} = {CA86D298-03CA-4A54-A796-B3EBAF2CF841}
		{886DC568-C83E-443E-89FA-84CF420B2C68} = {F5248B7E-8B93-4926-9A60-7208F759CAFC}
		{63E3171F-D36E-4100-9C55-21D277B8530C} = {CA86D298-03CA-4A54-A796-B3EBAF2CF841}
		{4BB719ED-B68B-4CB1-AAAF-BA0E3BC5FE81} = {F5248B7E-8B93-4926-9A60-7208F759CAFC}
		{4159C8D3-C18D-4BED-8BE6-9BAD1B0CA4F6} = {F5248B7E-8B93-4926-9A60-7208F759CAFC}
		{0C295FB8-C6C6-4A40-9F19-05A43F353A04} = {F5248B7E-8B93-4926-9A60-7208F759CAFC}
		{E1B466B0-8ECE-4D5C-807A-600AAE97BEC7} = {CA86D298-03CA-4A54-A796-B3EBAF2CF841}
		{51493B09-7A0E-461F-BE18-A6CF629A8FAB} = {F5248B7E-8B93-4926-9A60-7208F759CAFC}
		{4BAD780F-8071-4034-9020-ECC9F4352422} = {F5248B7E-8B93-4926-9A60-7208F759CAFC}
		{6CC96A70-6773-41B5-9FCA-4F0AB6FAD8CA} = {F5248B7E-8B93-4926-9A60-7208F759CAFC}
	EndGlobalSection
	GlobalSection(ExtensibilityGlobals) = postSolution
		SolutionGuid = {B615DD31-5898-4B61-82D5-F63AB5690C5F}
	EndGlobalSection
EndGlobal
