
Microsoft Visual Studio Solution File, Format Version 12.00
# Visual Studio 14
VisualStudioVersion = 14.0.22310.1
MinimumVisualStudioVersion = 10.0.40219.1
Project("{FAE04EC0-301F-11D3-BF4B-00C04F79EFBC}") = "ImageGlass", "ImageGlass\ImageGlass.csproj", "{97F81263-4825-4C06-A7B6-2E999765FA28}"
	ProjectSection(ProjectDependencies) = postProject
		{1A136F81-E1B1-433D-AB6C-B713A2D71917} = {1A136F81-E1B1-433D-AB6C-B713A2D71917}
	EndProjectSection
EndProject
Project("{2150E333-8FDC-42A3-9474-1A3956D46DE8}") = "Extensions", "Extensions", "{F5248B7E-8B93-4926-9A60-7208F759CAFC}"
EndProject
Project("{FAE04EC0-301F-11D3-BF4B-00C04F79EFBC}") = "ImageGlass.Core", "Extensions\ImageGlass.Core\ImageGlass.Core.csproj", "{8540D406-E362-4ECC-9761-F978996354DF}"
EndProject
Project("{FAE04EC0-301F-11D3-BF4B-00C04F79EFBC}") = "ImageGlass.Plugins", "Extensions\ImageGlass.Plugins\ImageGlass.Plugins.csproj", "{3EBDAABB-077B-4308-9D69-93727DFD4554}"
EndProject
Project("{FAE04EC0-301F-11D3-BF4B-00C04F79EFBC}") = "ImageGlass.Theme", "Extensions\ImageGlass.Theme\ImageGlass.Theme.csproj", "{76486F88-AA16-4D7D-BBF6-0F1C604D5853}"
EndProject
Project("{2150E333-8FDC-42A3-9474-1A3956D46DE8}") = "Commands", "Commands", "{CA86D298-03CA-4A54-A796-B3EBAF2CF841}"
EndProject
Project("{FAE04EC0-301F-11D3-BF4B-00C04F79EFBC}") = "igcmd", "Commands\igcmd\igcmd.csproj", "{CC391E3E-9137-4857-85DC-C4CF6DF37584}"
EndProject
Project("{FAE04EC0-301F-11D3-BF4B-00C04F79EFBC}") = "ImageGlass.FileList", "Extensions\ImageGlass.FileList\ImageGlass.FileList.csproj", "{12E1741E-07CD-4658-BFA7-B28E07ED83F2}"
EndProject
Project("{FAE04EC0-301F-11D3-BF4B-00C04F79EFBC}") = "ImageGlass.Services", "Extensions\ImageGlass.Services\ImageGlass.Services.csproj", "{886DC568-C83E-443E-89FA-84CF420B2C68}"
EndProject
Project("{FAE04EC0-301F-11D3-BF4B-00C04F79EFBC}") = "igtasks", "Commands\igtasks\igtasks.csproj", "{63E3171F-D36E-4100-9C55-21D277B8530C}"
EndProject
Project("{FAE04EC0-301F-11D3-BF4B-00C04F79EFBC}") = "ImageGlass.Library", "Extensions\ImageGlass.Library\ImageGlass.Library.csproj", "{4BB719ED-B68B-4CB1-AAAF-BA0E3BC5FE81}"
EndProject
Project("{FAE04EC0-301F-11D3-BF4B-00C04F79EFBC}") = "ImageGlass.ImageBox", "Extensions\ImageGlass.ImageBox\ImageGlass.ImageBox.csproj", "{4159C8D3-C18D-4BED-8BE6-9BAD1B0CA4F6}"
EndProject
Project("{FAE04EC0-301F-11D3-BF4B-00C04F79EFBC}") = "ImageGlass.ThumbBar", "Extensions\ImageGlass.ThumbBar\ImageGlass.ThumbBar.csproj", "{1A136F81-E1B1-433D-AB6C-B713A2D71917}"
	ProjectSection(ProjectDependencies) = postProject
		{4BB719ED-B68B-4CB1-AAAF-BA0E3BC5FE81} = {4BB719ED-B68B-4CB1-AAAF-BA0E3BC5FE81}
	EndProjectSection
EndProject
Global
	GlobalSection(SolutionConfigurationPlatforms) = preSolution
		Debug|Any CPU = Debug|Any CPU
		Debug|x64 = Debug|x64
		Release|Any CPU = Release|Any CPU
		Release|x64 = Release|x64
	EndGlobalSection
	GlobalSection(ProjectConfigurationPlatforms) = postSolution
		{97F81263-4825-4C06-A7B6-2E999765FA28}.Debug|Any CPU.ActiveCfg = Debug|Any CPU
		{97F81263-4825-4C06-A7B6-2E999765FA28}.Debug|Any CPU.Build.0 = Debug|Any CPU
		{97F81263-4825-4C06-A7B6-2E999765FA28}.Debug|x64.ActiveCfg = Debug|x64
		{97F81263-4825-4C06-A7B6-2E999765FA28}.Debug|x64.Build.0 = Debug|x64
		{97F81263-4825-4C06-A7B6-2E999765FA28}.Release|Any CPU.ActiveCfg = Release|Any CPU
		{97F81263-4825-4C06-A7B6-2E999765FA28}.Release|Any CPU.Build.0 = Release|Any CPU
		{97F81263-4825-4C06-A7B6-2E999765FA28}.Release|x64.ActiveCfg = Release|x64
		{97F81263-4825-4C06-A7B6-2E999765FA28}.Release|x64.Build.0 = Release|x64
		{8540D406-E362-4ECC-9761-F978996354DF}.Debug|Any CPU.ActiveCfg = Release|Any CPU
		{8540D406-E362-4ECC-9761-F978996354DF}.Debug|Any CPU.Build.0 = Release|Any CPU
		{8540D406-E362-4ECC-9761-F978996354DF}.Debug|x64.ActiveCfg = Debug|x64
		{8540D406-E362-4ECC-9761-F978996354DF}.Debug|x64.Build.0 = Debug|x64
		{8540D406-E362-4ECC-9761-F978996354DF}.Release|Any CPU.ActiveCfg = Release|Any CPU
		{8540D406-E362-4ECC-9761-F978996354DF}.Release|Any CPU.Build.0 = Release|Any CPU
		{8540D406-E362-4ECC-9761-F978996354DF}.Release|x64.ActiveCfg = Release|x64
		{8540D406-E362-4ECC-9761-F978996354DF}.Release|x64.Build.0 = Release|x64
		{3EBDAABB-077B-4308-9D69-93727DFD4554}.Debug|Any CPU.ActiveCfg = Release|Any CPU
		{3EBDAABB-077B-4308-9D69-93727DFD4554}.Debug|Any CPU.Build.0 = Release|Any CPU
		{3EBDAABB-077B-4308-9D69-93727DFD4554}.Debug|x64.ActiveCfg = Debug|x64
		{3EBDAABB-077B-4308-9D69-93727DFD4554}.Debug|x64.Build.0 = Debug|x64
		{3EBDAABB-077B-4308-9D69-93727DFD4554}.Release|Any CPU.ActiveCfg = Release|Any CPU
		{3EBDAABB-077B-4308-9D69-93727DFD4554}.Release|Any CPU.Build.0 = Release|Any CPU
		{3EBDAABB-077B-4308-9D69-93727DFD4554}.Release|x64.ActiveCfg = Release|x64
		{3EBDAABB-077B-4308-9D69-93727DFD4554}.Release|x64.Build.0 = Release|x64
		{76486F88-AA16-4D7D-BBF6-0F1C604D5853}.Debug|Any CPU.ActiveCfg = Release|Any CPU
		{76486F88-AA16-4D7D-BBF6-0F1C604D5853}.Debug|Any CPU.Build.0 = Release|Any CPU
		{76486F88-AA16-4D7D-BBF6-0F1C604D5853}.Debug|x64.ActiveCfg = Debug|x64
		{76486F88-AA16-4D7D-BBF6-0F1C604D5853}.Debug|x64.Build.0 = Debug|x64
		{76486F88-AA16-4D7D-BBF6-0F1C604D5853}.Release|Any CPU.ActiveCfg = Release|Any CPU
		{76486F88-AA16-4D7D-BBF6-0F1C604D5853}.Release|Any CPU.Build.0 = Release|Any CPU
		{76486F88-AA16-4D7D-BBF6-0F1C604D5853}.Release|x64.ActiveCfg = Release|x64
		{76486F88-AA16-4D7D-BBF6-0F1C604D5853}.Release|x64.Build.0 = Release|x64
		{CC391E3E-9137-4857-85DC-C4CF6DF37584}.Debug|Any CPU.ActiveCfg = Debug|Any CPU
		{CC391E3E-9137-4857-85DC-C4CF6DF37584}.Debug|Any CPU.Build.0 = Debug|Any CPU
		{CC391E3E-9137-4857-85DC-C4CF6DF37584}.Debug|x64.ActiveCfg = Debug|x64
		{CC391E3E-9137-4857-85DC-C4CF6DF37584}.Debug|x64.Build.0 = Debug|x64
		{CC391E3E-9137-4857-85DC-C4CF6DF37584}.Release|Any CPU.ActiveCfg = Release|Any CPU
		{CC391E3E-9137-4857-85DC-C4CF6DF37584}.Release|Any CPU.Build.0 = Release|Any CPU
		{CC391E3E-9137-4857-85DC-C4CF6DF37584}.Release|x64.ActiveCfg = Release|x64
		{CC391E3E-9137-4857-85DC-C4CF6DF37584}.Release|x64.Build.0 = Release|x64
		{12E1741E-07CD-4658-BFA7-B28E07ED83F2}.Debug|Any CPU.ActiveCfg = Release|Any CPU
		{12E1741E-07CD-4658-BFA7-B28E07ED83F2}.Debug|Any CPU.Build.0 = Release|Any CPU
		{12E1741E-07CD-4658-BFA7-B28E07ED83F2}.Debug|x64.ActiveCfg = Debug|x64
		{12E1741E-07CD-4658-BFA7-B28E07ED83F2}.Debug|x64.Build.0 = Debug|x64
		{12E1741E-07CD-4658-BFA7-B28E07ED83F2}.Release|Any CPU.ActiveCfg = Release|Any CPU
		{12E1741E-07CD-4658-BFA7-B28E07ED83F2}.Release|Any CPU.Build.0 = Release|Any CPU
		{12E1741E-07CD-4658-BFA7-B28E07ED83F2}.Release|x64.ActiveCfg = Release|x64
		{12E1741E-07CD-4658-BFA7-B28E07ED83F2}.Release|x64.Build.0 = Release|x64
		{886DC568-C83E-443E-89FA-84CF420B2C68}.Debug|Any CPU.ActiveCfg = Release|Any CPU
		{886DC568-C83E-443E-89FA-84CF420B2C68}.Debug|Any CPU.Build.0 = Release|Any CPU
		{886DC568-C83E-443E-89FA-84CF420B2C68}.Debug|x64.ActiveCfg = Debug|x64
		{886DC568-C83E-443E-89FA-84CF420B2C68}.Debug|x64.Build.0 = Debug|x64
		{886DC568-C83E-443E-89FA-84CF420B2C68}.Release|Any CPU.ActiveCfg = Release|Any CPU
		{886DC568-C83E-443E-89FA-84CF420B2C68}.Release|Any CPU.Build.0 = Release|Any CPU
		{886DC568-C83E-443E-89FA-84CF420B2C68}.Release|x64.ActiveCfg = Release|x64
		{886DC568-C83E-443E-89FA-84CF420B2C68}.Release|x64.Build.0 = Release|x64
		{63E3171F-D36E-4100-9C55-21D277B8530C}.Debug|Any CPU.ActiveCfg = Debug|Any CPU
		{63E3171F-D36E-4100-9C55-21D277B8530C}.Debug|Any CPU.Build.0 = Debug|Any CPU
		{63E3171F-D36E-4100-9C55-21D277B8530C}.Debug|x64.ActiveCfg = Debug|x64
		{63E3171F-D36E-4100-9C55-21D277B8530C}.Debug|x64.Build.0 = Debug|x64
		{63E3171F-D36E-4100-9C55-21D277B8530C}.Release|Any CPU.ActiveCfg = Release|Any CPU
		{63E3171F-D36E-4100-9C55-21D277B8530C}.Release|Any CPU.Build.0 = Release|Any CPU
		{63E3171F-D36E-4100-9C55-21D277B8530C}.Release|x64.ActiveCfg = Release|x64
		{63E3171F-D36E-4100-9C55-21D277B8530C}.Release|x64.Build.0 = Release|x64
		{4BB719ED-B68B-4CB1-AAAF-BA0E3BC5FE81}.Debug|Any CPU.ActiveCfg = Release|Any CPU
		{4BB719ED-B68B-4CB1-AAAF-BA0E3BC5FE81}.Debug|Any CPU.Build.0 = Release|Any CPU
		{4BB719ED-B68B-4CB1-AAAF-BA0E3BC5FE81}.Debug|x64.ActiveCfg = Debug|x64
		{4BB719ED-B68B-4CB1-AAAF-BA0E3BC5FE81}.Debug|x64.Build.0 = Debug|x64
		{4BB719ED-B68B-4CB1-AAAF-BA0E3BC5FE81}.Release|Any CPU.ActiveCfg = Release|Any CPU
		{4BB719ED-B68B-4CB1-AAAF-BA0E3BC5FE81}.Release|Any CPU.Build.0 = Release|Any CPU
		{4BB719ED-B68B-4CB1-AAAF-BA0E3BC5FE81}.Release|x64.ActiveCfg = Release|x64
		{4BB719ED-B68B-4CB1-AAAF-BA0E3BC5FE81}.Release|x64.Build.0 = Release|x64
		{4159C8D3-C18D-4BED-8BE6-9BAD1B0CA4F6}.Debug|Any CPU.ActiveCfg = Release|Any CPU
		{4159C8D3-C18D-4BED-8BE6-9BAD1B0CA4F6}.Debug|Any CPU.Build.0 = Release|Any CPU
		{4159C8D3-C18D-4BED-8BE6-9BAD1B0CA4F6}.Debug|x64.ActiveCfg = Debug|x64
		{4159C8D3-C18D-4BED-8BE6-9BAD1B0CA4F6}.Debug|x64.Build.0 = Debug|x64
		{4159C8D3-C18D-4BED-8BE6-9BAD1B0CA4F6}.Release|Any CPU.ActiveCfg = Release|Any CPU
		{4159C8D3-C18D-4BED-8BE6-9BAD1B0CA4F6}.Release|Any CPU.Build.0 = Release|Any CPU
		{4159C8D3-C18D-4BED-8BE6-9BAD1B0CA4F6}.Release|x64.ActiveCfg = Release|x64
		{4159C8D3-C18D-4BED-8BE6-9BAD1B0CA4F6}.Release|x64.Build.0 = Release|x64
		{1A136F81-E1B1-433D-AB6C-B713A2D71917}.Debug|Any CPU.ActiveCfg = Release|Any CPU
		{1A136F81-E1B1-433D-AB6C-B713A2D71917}.Debug|Any CPU.Build.0 = Release|Any CPU
		{1A136F81-E1B1-433D-AB6C-B713A2D71917}.Debug|x64.ActiveCfg = Debug|x64
		{1A136F81-E1B1-433D-AB6C-B713A2D71917}.Debug|x64.Build.0 = Debug|x64
		{1A136F81-E1B1-433D-AB6C-B713A2D71917}.Release|Any CPU.ActiveCfg = Release|Any CPU
		{1A136F81-E1B1-433D-AB6C-B713A2D71917}.Release|Any CPU.Build.0 = Release|Any CPU
		{1A136F81-E1B1-433D-AB6C-B713A2D71917}.Release|x64.ActiveCfg = Release|x64
		{1A136F81-E1B1-433D-AB6C-B713A2D71917}.Release|x64.Build.0 = Release|x64
	EndGlobalSection
	GlobalSection(SolutionProperties) = preSolution
		HideSolutionNode = FALSE
	EndGlobalSection
	GlobalSection(NestedProjects) = preSolution
		{8540D406-E362-4ECC-9761-F978996354DF} = {F5248B7E-8B93-4926-9A60-7208F759CAFC}
		{3EBDAABB-077B-4308-9D69-93727DFD4554} = {F5248B7E-8B93-4926-9A60-7208F759CAFC}
		{76486F88-AA16-4D7D-BBF6-0F1C604D5853} = {F5248B7E-8B93-4926-9A60-7208F759CAFC}
		{CC391E3E-9137-4857-85DC-C4CF6DF37584} = {CA86D298-03CA-4A54-A796-B3EBAF2CF841}
		{12E1741E-07CD-4658-BFA7-B28E07ED83F2} = {F5248B7E-8B93-4926-9A60-7208F759CAFC}
		{886DC568-C83E-443E-89FA-84CF420B2C68} = {F5248B7E-8B93-4926-9A60-7208F759CAFC}
		{63E3171F-D36E-4100-9C55-21D277B8530C} = {CA86D298-03CA-4A54-A796-B3EBAF2CF841}
		{4BB719ED-B68B-4CB1-AAAF-BA0E3BC5FE81} = {F5248B7E-8B93-4926-9A60-7208F759CAFC}
		{4159C8D3-C18D-4BED-8BE6-9BAD1B0CA4F6} = {F5248B7E-8B93-4926-9A60-7208F759CAFC}
		{1A136F81-E1B1-433D-AB6C-B713A2D71917} = {F5248B7E-8B93-4926-9A60-7208F759CAFC}
	EndGlobalSection
EndGlobal
